// !$*UTF8*$!
{
	archiveVersion = 1;
	classes = {
	};
	objectVersion = 77;
	objects = {

/* Begin PBXBuildFile section */
		05D8A339792AADC189225DD8 /* Parsers.swift in Sources */ = {isa = PBXBuildFile; fileRef = "TEMP_DE2BC289-0B3C-4C2E-9C05-0471A9153C9B" /* Parsers.swift */; };
		0A38DEACD1807462D8A3B4BA /* FountainPaginatorTests.swift in Sources */ = {isa = PBXBuildFile; fileRef = 0210E9E1E402F2CC82F6DAD8 /* FountainPaginatorTests.swift */; };
		0CBDBE05F7E019B22DA38536 /* Assets.xcassets in Resources */ = {isa = PBXBuildFile; fileRef = "TEMP_4A4F0F96-BB36-4CFA-8F9B-6B77B637083C" /* Assets.xcassets */; };
		0FAD5ADC6AC1E5D44D4B613E /* FountainParserTests.swift in Sources */ = {isa = PBXBuildFile; fileRef = ED6A7DD04348E0C7034597E2 /* FountainParserTests.swift */; };
		2E670DF21FAF28834105276A /* ConflictReportSheet.swift in Sources */ = {isa = PBXBuildFile; fileRef = "TEMP_D7CAD2BA-1179-4AA1-B6D8-344E40041EC8" /* ConflictReportSheet.swift */; };
		31E37C89DE9C110DA36BC35D /* HoverTooltip.swift in Sources */ = {isa = PBXBuildFile; fileRef = "TEMP_C825EAAD-D77D-4D69-B205-A7596F164398" /* HoverTooltip.swift */; };
		3D939E27486218E5F3F51276 /* ContentView.swift in Sources */ = {isa = PBXBuildFile; fileRef = "TEMP_521B4716-AA72-424E-9F3A-556A78717D56" /* ContentView.swift */; };
		41DF1BF417E3DF4A382CA70A /* CineSchedApp.swift in Sources */ = {isa = PBXBuildFile; fileRef = "TEMP_0AC65177-EC78-43E6-BD85-89FB41DE7DA2" /* CineSchedApp.swift */; };
		4C412D9B4F51E9F914AB7C0F /* FinalDraftParser.swift in Sources */ = {isa = PBXBuildFile; fileRef = "TEMP_73841FA2-20A0-4F6B-B77E-B3510303299F" /* FinalDraftParser.swift */; };
		648B0E406CB03EFB1048814F /* FountainImporter.swift in Sources */ = {isa = PBXBuildFile; fileRef = "TEMP_B801F1D5-0015-424C-887C-B3DA6A9793EC" /* FountainImporter.swift */; };
		650C618D3E3B93D6726BDF4A /* RecentFilesStore.swift in Sources */ = {isa = PBXBuildFile; fileRef = "TEMP_CC95FFE4-0E76-497C-A369-169B33B701C8" /* RecentFilesStore.swift */; };
		6AFAD85C52E5AD37427DD0FD /* CallSheetExporter.swift in Sources */ = {isa = PBXBuildFile; fileRef = "TEMP_603132A3-D178-46DA-8EAC-D18BDBC22F29" /* CallSheetExporter.swift */; };
		7F4DCE9A77B6427C7149BDD3 /* StripboardView.swift in Sources */ = {isa = PBXBuildFile; fileRef = "TEMP_C31D5EA0-F291-4D9B-B2CD-E0EC588A4FE1" /* StripboardView.swift */; };
		8922680EB86B0AB5065CE39D /* ConflictScanner.swift in Sources */ = {isa = PBXBuildFile; fileRef = "TEMP_6BC92F1D-C600-48D4-BD4E-A2348205F9BF" /* ConflictScanner.swift */; };
		97311D1540CAB114E35C6FD1 /* CallSheetEditor.swift in Sources */ = {isa = PBXBuildFile; fileRef = "TEMP_E1DD15DB-1055-43F5-B61F-207B4DF6B608" /* CallSheetEditor.swift */; };
		9C4151F0FBA45A9AE43612CF /* SendToDaySheet.swift in Sources */ = {isa = PBXBuildFile; fileRef = "TEMP_97ED170F-9BE0-4613-85A1-E2E94FE9E45E" /* SendToDaySheet.swift */; };
		9EABDF4CFC26AD14496B9E92 /* NewSceneInputView.swift in Sources */ = {isa = PBXBuildFile; fileRef = "TEMP_27D818CF-3042-4E06-B792-6E1B107D6A77" /* NewSceneInputView.swift */; };
		AEAD5DD7D41DC54CEDDCECA5 /* ProjectStore.swift in Sources */ = {isa = PBXBuildFile; fileRef = "TEMP_0840E2C9-4AC0-4972-945C-9746159D917D" /* ProjectStore.swift */; };
		B525D325408DEB967AEAFA06 /* CalendarView.swift in Sources */ = {isa = PBXBuildFile; fileRef = "TEMP_03E29177-E073-4BBE-B5FB-28CD29AD68D8" /* CalendarView.swift */; };
		B61EF7C2D46FFC833736E6E8 /* FountainPaginator.swift in Sources */ = {isa = PBXBuildFile; fileRef = "TEMP_342E37E4-123C-4254-A547-2777A48FF5DB" /* FountainPaginator.swift */; };
		BA9D705CB80469F38884B3BC /* ImportSummaryView.swift in Sources */ = {isa = PBXBuildFile; fileRef = "TEMP_F16CDBFF-3FCC-4A7D-8364-AB7BE3C60CA0" /* ImportSummaryView.swift */; };
		C19D225E347639D9915F0C98 /* Models.swift in Sources */ = {isa = PBXBuildFile; fileRef = "TEMP_93CF16BD-CEA7-44FD-B627-424832431D27" /* Models.swift */; };
		C3D6CB6264D737774C2EBBAF /* PDFExporter.swift in Sources */ = {isa = PBXBuildFile; fileRef = "TEMP_40DBF723-C2E3-4EA0-A448-CEB1414F6187" /* PDFExporter.swift */; };
		C9466B7A4CE6D1FC78B37601 /* ProductionSetupSheet.swift in Sources */ = {isa = PBXBuildFile; fileRef = "TEMP_DCE4F774-6B83-4825-AE7F-CC42A49DC5E4" /* ProductionSetupSheet.swift */; };
		C957B39D7E8E6175B3C494C4 /* FountainParser.swift in Sources */ = {isa = PBXBuildFile; fileRef = "TEMP_01A52FCA-BFB4-4F1C-A116-591EFD99A072" /* FountainParser.swift */; };
		CB1A736C4E36C1417C051848 /* SceneEditSheet.swift in Sources */ = {isa = PBXBuildFile; fileRef = "TEMP_5374AA76-0A5A-4D2C-A8C7-3A3072C5C78F" /* SceneEditSheet.swift */; };
		D05604E71AFCC997F4A18D2E /* HighlandArchiveReader.swift in Sources */ = {isa = PBXBuildFile; fileRef = "TEMP_8376FF44-EFC9-4D49-BA83-6D602A995AF8" /* HighlandArchiveReader.swift */; };
		D4D1023A85B4FD887F7C7000 /* SelectAllTextField.swift in Sources */ = {isa = PBXBuildFile; fileRef = "TEMP_32FDDFFE-57B2-4D82-A473-339A513C0273" /* SelectAllTextField.swift */; };
		EBAA65757E2CE5CC4527FBB0 /* DaysOutOfDaysExporter.swift in Sources */ = {isa = PBXBuildFile; fileRef = "TEMP_9A53E23D-865A-4828-843C-888D3B0323EC" /* DaysOutOfDaysExporter.swift */; };
		F8F1583B91AF10633DDCC3E2 /* Formatting.swift in Sources */ = {isa = PBXBuildFile; fileRef = "TEMP_854FD5EA-44C4-4076-A4F7-B6B00CF87FF2" /* Formatting.swift */; };
/* End PBXBuildFile section */

/* Begin PBXContainerItemProxy section */
		1F9110F1F97AA14040719932 /* PBXContainerItemProxy */ = {
			isa = PBXContainerItemProxy;
			containerPortal = 67ADA80CACE8B603B45D54D8 /* Project object */;
			proxyType = 1;
			remoteGlobalIDString = D343CAA0ACDB4CB6EB268B4E;
			remoteInfo = CineSched;
		};
/* End PBXContainerItemProxy section */

/* Begin PBXFileReference section */
		0210E9E1E402F2CC82F6DAD8 /* FountainPaginatorTests.swift */ = {isa = PBXFileReference; lastKnownFileType = sourcecode.swift; path = FountainPaginatorTests.swift; sourceTree = "<group>"; };
		16A5CFF5763599F9FF5CD187 /* CineSchedTests.xctest */ = {isa = PBXFileReference; explicitFileType = wrapper.cfbundle; includeInIndex = 0; path = CineSchedTests.xctest; sourceTree = BUILT_PRODUCTS_DIR; };
		A33415770FEB25F2001ED0E4 /* CineSched.app */ = {isa = PBXFileReference; explicitFileType = wrapper.application; includeInIndex = 0; path = CineSched.app; sourceTree = BUILT_PRODUCTS_DIR; };
		ED6A7DD04348E0C7034597E2 /* FountainParserTests.swift */ = {isa = PBXFileReference; lastKnownFileType = sourcecode.swift; path = FountainParserTests.swift; sourceTree = "<group>"; };
		"TEMP_01A52FCA-BFB4-4F1C-A116-591EFD99A072" /* FountainParser.swift */ = {isa = PBXFileReference; lastKnownFileType = sourcecode.swift; path = FountainParser.swift; sourceTree = "<group>"; };
		"TEMP_03E29177-E073-4BBE-B5FB-28CD29AD68D8" /* CalendarView.swift */ = {isa = PBXFileReference; lastKnownFileType = sourcecode.swift; path = CalendarView.swift; sourceTree = "<group>"; };
		"TEMP_0840E2C9-4AC0-4972-945C-9746159D917D" /* ProjectStore.swift */ = {isa = PBXFileReference; lastKnownFileType = sourcecode.swift; path = ProjectStore.swift; sourceTree = "<group>"; };
		"TEMP_0AC65177-EC78-43E6-BD85-89FB41DE7DA2" /* CineSchedApp.swift */ = {isa = PBXFileReference; lastKnownFileType = sourcecode.swift; path = CineSchedApp.swift; sourceTree = "<group>"; };
		"TEMP_27D818CF-3042-4E06-B792-6E1B107D6A77" /* NewSceneInputView.swift */ = {isa = PBXFileReference; lastKnownFileType = sourcecode.swift; path = NewSceneInputView.swift; sourceTree = "<group>"; };
		"TEMP_32FDDFFE-57B2-4D82-A473-339A513C0273" /* SelectAllTextField.swift */ = {isa = PBXFileReference; lastKnownFileType = sourcecode.swift; path = SelectAllTextField.swift; sourceTree = "<group>"; };
		"TEMP_342E37E4-123C-4254-A547-2777A48FF5DB" /* FountainPaginator.swift */ = {isa = PBXFileReference; lastKnownFileType = sourcecode.swift; path = FountainPaginator.swift; sourceTree = "<group>"; };
		"TEMP_38955901-BCC3-4E13-BF09-8E0C3D6BAA1A" /* Info.plist */ = {isa = PBXFileReference; lastKnownFileType = text.plist; path = Info.plist; sourceTree = "<group>"; };
		"TEMP_40DBF723-C2E3-4EA0-A448-CEB1414F6187" /* PDFExporter.swift */ = {isa = PBXFileReference; lastKnownFileType = sourcecode.swift; path = PDFExporter.swift; sourceTree = "<group>"; };
		"TEMP_4A4F0F96-BB36-4CFA-8F9B-6B77B637083C" /* Assets.xcassets */ = {isa = PBXFileReference; lastKnownFileType = folder.assetcatalog; path = Assets.xcassets; sourceTree = "<group>"; };
		"TEMP_521B4716-AA72-424E-9F3A-556A78717D56" /* ContentView.swift */ = {isa = PBXFileReference; lastKnownFileType = sourcecode.swift; path = ContentView.swift; sourceTree = "<group>"; };
		"TEMP_5374AA76-0A5A-4D2C-A8C7-3A3072C5C78F" /* SceneEditSheet.swift */ = {isa = PBXFileReference; lastKnownFileType = sourcecode.swift; path = SceneEditSheet.swift; sourceTree = "<group>"; };
		"TEMP_603132A3-D178-46DA-8EAC-D18BDBC22F29" /* CallSheetExporter.swift */ = {isa = PBXFileReference; lastKnownFileType = sourcecode.swift; path = CallSheetExporter.swift; sourceTree = "<group>"; };
		"TEMP_6BC92F1D-C600-48D4-BD4E-A2348205F9BF" /* ConflictScanner.swift */ = {isa = PBXFileReference; lastKnownFileType = sourcecode.swift; path = ConflictScanner.swift; sourceTree = "<group>"; };
		"TEMP_73841FA2-20A0-4F6B-B77E-B3510303299F" /* FinalDraftParser.swift */ = {isa = PBXFileReference; lastKnownFileType = sourcecode.swift; path = FinalDraftParser.swift; sourceTree = "<group>"; };
		"TEMP_8376FF44-EFC9-4D49-BA83-6D602A995AF8" /* HighlandArchiveReader.swift */ = {isa = PBXFileReference; lastKnownFileType = sourcecode.swift; path = HighlandArchiveReader.swift; sourceTree = "<group>"; };
		"TEMP_854FD5EA-44C4-4076-A4F7-B6B00CF87FF2" /* Formatting.swift */ = {isa = PBXFileReference; lastKnownFileType = sourcecode.swift; path = Formatting.swift; sourceTree = "<group>"; };
		"TEMP_93CF16BD-CEA7-44FD-B627-424832431D27" /* Models.swift */ = {isa = PBXFileReference; lastKnownFileType = sourcecode.swift; path = Models.swift; sourceTree = "<group>"; };
		"TEMP_97ED170F-9BE0-4613-85A1-E2E94FE9E45E" /* SendToDaySheet.swift */ = {isa = PBXFileReference; lastKnownFileType = sourcecode.swift; path = SendToDaySheet.swift; sourceTree = "<group>"; };
		"TEMP_9A53E23D-865A-4828-843C-888D3B0323EC" /* DaysOutOfDaysExporter.swift */ = {isa = PBXFileReference; lastKnownFileType = sourcecode.swift; path = DaysOutOfDaysExporter.swift; sourceTree = "<group>"; };
		"TEMP_B801F1D5-0015-424C-887C-B3DA6A9793EC" /* FountainImporter.swift */ = {isa = PBXFileReference; lastKnownFileType = sourcecode.swift; path = FountainImporter.swift; sourceTree = "<group>"; };
		"TEMP_C31D5EA0-F291-4D9B-B2CD-E0EC588A4FE1" /* StripboardView.swift */ = {isa = PBXFileReference; lastKnownFileType = sourcecode.swift; path = StripboardView.swift; sourceTree = "<group>"; };
		"TEMP_C825EAAD-D77D-4D69-B205-A7596F164398" /* HoverTooltip.swift */ = {isa = PBXFileReference; lastKnownFileType = sourcecode.swift; path = HoverTooltip.swift; sourceTree = "<group>"; };
		"TEMP_CB5F2D55-E9E8-45A9-A7F4-6C6F6D359518" /* CineSched.entitlements */ = {isa = PBXFileReference; lastKnownFileType = text.plist.entitlements; path = CineSched.entitlements; sourceTree = "<group>"; };
		"TEMP_CC95FFE4-0E76-497C-A369-169B33B701C8" /* RecentFilesStore.swift */ = {isa = PBXFileReference; lastKnownFileType = sourcecode.swift; path = RecentFilesStore.swift; sourceTree = "<group>"; };
		"TEMP_D7CAD2BA-1179-4AA1-B6D8-344E40041EC8" /* ConflictReportSheet.swift */ = {isa = PBXFileReference; lastKnownFileType = sourcecode.swift; path = ConflictReportSheet.swift; sourceTree = "<group>"; };
		"TEMP_DCE4F774-6B83-4825-AE7F-CC42A49DC5E4" /* ProductionSetupSheet.swift */ = {isa = PBXFileReference; lastKnownFileType = sourcecode.swift; path = ProductionSetupSheet.swift; sourceTree = "<group>"; };
		"TEMP_DD28F6A4-0F15-47D2-B51E-2CEB68C6E463" /* .gitignore */ = {isa = PBXFileReference; path = .gitignore; sourceTree = "<group>"; };
		"TEMP_DE2BC289-0B3C-4C2E-9C05-0471A9153C9B" /* Parsers.swift */ = {isa = PBXFileReference; lastKnownFileType = sourcecode.swift; path = Parsers.swift; sourceTree = "<group>"; };
		"TEMP_E1DD15DB-1055-43F5-B61F-207B4DF6B608" /* CallSheetEditor.swift */ = {isa = PBXFileReference; lastKnownFileType = sourcecode.swift; path = CallSheetEditor.swift; sourceTree = "<group>"; };
		"TEMP_F16CDBFF-3FCC-4A7D-8364-AB7BE3C60CA0" /* ImportSummaryView.swift */ = {isa = PBXFileReference; lastKnownFileType = sourcecode.swift; path = ImportSummaryView.swift; sourceTree = "<group>"; };
/* End PBXFileReference section */

/* Begin PBXGroup section */
		2581F94A8082CEBDF3E82AE1 /* Tests */ = {
			isa = PBXGroup;
			children = (
				0210E9E1E402F2CC82F6DAD8 /* FountainPaginatorTests.swift */,
				ED6A7DD04348E0C7034597E2 /* FountainParserTests.swift */,
			);
			path = Tests;
			sourceTree = "<group>";
		};
		CC3FE736529F7DBDB5FB6005 /* Products */ = {
			isa = PBXGroup;
			children = (
				A33415770FEB25F2001ED0E4 /* CineSched.app */,
				16A5CFF5763599F9FF5CD187 /* CineSchedTests.xctest */,
			);
			name = Products;
			sourceTree = "<group>";
		};
		E0993B5EC4446C03E0313AB1 = {
			isa = PBXGroup;
			children = (
				2581F94A8082CEBDF3E82AE1 /* Tests */,
				CC3FE736529F7DBDB5FB6005 /* Products */,
			);
			sourceTree = "<group>";
		};
		"TEMP_47F1DFBC-AAA0-456D-9797-3B1A4569FF1B" /* . */ = {
			isa = PBXGroup;
			children = (
				"TEMP_5374AA76-0A5A-4D2C-A8C7-3A3072C5C78F" /* SceneEditSheet.swift */,
				"TEMP_CC95FFE4-0E76-497C-A369-169B33B701C8" /* RecentFilesStore.swift */,
				"TEMP_9A53E23D-865A-4828-843C-888D3B0323EC" /* DaysOutOfDaysExporter.swift */,
				"TEMP_0AC65177-EC78-43E6-BD85-89FB41DE7DA2" /* CineSchedApp.swift */,
				"TEMP_27D818CF-3042-4E06-B792-6E1B107D6A77" /* NewSceneInputView.swift */,
				"TEMP_4A4F0F96-BB36-4CFA-8F9B-6B77B637083C" /* Assets.xcassets */,
				"TEMP_E1DD15DB-1055-43F5-B61F-207B4DF6B608" /* CallSheetEditor.swift */,
				"TEMP_F16CDBFF-3FCC-4A7D-8364-AB7BE3C60CA0" /* ImportSummaryView.swift */,
				"TEMP_603132A3-D178-46DA-8EAC-D18BDBC22F29" /* CallSheetExporter.swift */,
				"TEMP_73841FA2-20A0-4F6B-B77E-B3510303299F" /* FinalDraftParser.swift */,
				"TEMP_01A52FCA-BFB4-4F1C-A116-591EFD99A072" /* FountainParser.swift */,
				"TEMP_40DBF723-C2E3-4EA0-A448-CEB1414F6187" /* PDFExporter.swift */,
				"TEMP_C825EAAD-D77D-4D69-B205-A7596F164398" /* HoverTooltip.swift */,
				"TEMP_0840E2C9-4AC0-4972-945C-9746159D917D" /* ProjectStore.swift */,
				"TEMP_DD28F6A4-0F15-47D2-B51E-2CEB68C6E463" /* .gitignore */,
				"TEMP_93CF16BD-CEA7-44FD-B627-424832431D27" /* Models.swift */,
				"TEMP_6BC92F1D-C600-48D4-BD4E-A2348205F9BF" /* ConflictScanner.swift */,
				"TEMP_DE2BC289-0B3C-4C2E-9C05-0471A9153C9B" /* Parsers.swift */,
				"TEMP_D7CAD2BA-1179-4AA1-B6D8-344E40041EC8" /* ConflictReportSheet.swift */,
				"TEMP_342E37E4-123C-4254-A547-2777A48FF5DB" /* FountainPaginator.swift */,
				"TEMP_8376FF44-EFC9-4D49-BA83-6D602A995AF8" /* HighlandArchiveReader.swift */,
				"TEMP_CB5F2D55-E9E8-45A9-A7F4-6C6F6D359518" /* CineSched.entitlements */,
				"TEMP_B801F1D5-0015-424C-887C-B3DA6A9793EC" /* FountainImporter.swift */,
				"TEMP_854FD5EA-44C4-4076-A4F7-B6B00CF87FF2" /* Formatting.swift */,
				"TEMP_97ED170F-9BE0-4613-85A1-E2E94FE9E45E" /* SendToDaySheet.swift */,
				"TEMP_C31D5EA0-F291-4D9B-B2CD-E0EC588A4FE1" /* StripboardView.swift */,
				"TEMP_521B4716-AA72-424E-9F3A-556A78717D56" /* ContentView.swift */,
				"TEMP_DCE4F774-6B83-4825-AE7F-CC42A49DC5E4" /* ProductionSetupSheet.swift */,
				"TEMP_38955901-BCC3-4E13-BF09-8E0C3D6BAA1A" /* Info.plist */,
				"TEMP_03E29177-E073-4BBE-B5FB-28CD29AD68D8" /* CalendarView.swift */,
				"TEMP_32FDDFFE-57B2-4D82-A473-339A513C0273" /* SelectAllTextField.swift */,
			);
			name = .;
			path = .;
			sourceTree = "<group>";
		};
/* End PBXGroup section */

/* Begin PBXNativeTarget section */
		6CC24D0E85DFB8B7C2D3B253 /* CineSchedTests */ = {
			isa = PBXNativeTarget;
			buildConfigurationList = 916E904CB1AE08C82F8F3C62 /* Build configuration list for PBXNativeTarget "CineSchedTests" */;
			buildPhases = (
				D48BD96D491E37015FC8ADE4 /* Sources */,
			);
			buildRules = (
			);
			dependencies = (
				02CC560957880DA960A2220E /* PBXTargetDependency */,
			);
			name = CineSchedTests;
			packageProductDependencies = (
			);
			productName = CineSchedTests;
			productReference = 16A5CFF5763599F9FF5CD187 /* CineSchedTests.xctest */;
			productType = "com.apple.product-type.bundle.unit-test";
		};
		D343CAA0ACDB4CB6EB268B4E /* CineSched */ = {
			isa = PBXNativeTarget;
			buildConfigurationList = 7BB01B4464E2CF05CF8C8112 /* Build configuration list for PBXNativeTarget "CineSched" */;
			buildPhases = (
				03EC665B321132B47AA0A436 /* Sources */,
				0DC17208E2E0FAC268C1FF2D /* Resources */,
			);
			buildRules = (
			);
			dependencies = (
			);
			name = CineSched;
			packageProductDependencies = (
			);
			productName = CineSched;
			productReference = A33415770FEB25F2001ED0E4 /* CineSched.app */;
			productType = "com.apple.product-type.application";
		};
/* End PBXNativeTarget section */

/* Begin PBXProject section */
		67ADA80CACE8B603B45D54D8 /* Project object */ = {
			isa = PBXProject;
			attributes = {
				BuildIndependentTargetsInParallel = YES;
				LastUpgradeCheck = 1430;
				TargetAttributes = {
					6CC24D0E85DFB8B7C2D3B253 = {
						DevelopmentTeam = "";
						ProvisioningStyle = Automatic;
					};
					D343CAA0ACDB4CB6EB268B4E = {
						DevelopmentTeam = "";
						ProvisioningStyle = Automatic;
					};
				};
			};
			buildConfigurationList = A61CB72E2F30F58A42B7FB0C /* Build configuration list for PBXProject "CineSched" */;
			developmentRegion = en;
			hasScannedForEncodings = 0;
			knownRegions = (
				Base,
				en,
			);
			mainGroup = E0993B5EC4446C03E0313AB1;
			minimizedProjectReferenceProxies = 1;
			preferredProjectObjectVersion = 77;
			productRefGroup = CC3FE736529F7DBDB5FB6005 /* Products */;
			projectDirPath = "";
			projectRoot = "";
			targets = (
				D343CAA0ACDB4CB6EB268B4E /* CineSched */,
				6CC24D0E85DFB8B7C2D3B253 /* CineSchedTests */,
			);
		};
/* End PBXProject section */

/* Begin PBXResourcesBuildPhase section */
		0DC17208E2E0FAC268C1FF2D /* Resources */ = {
			isa = PBXResourcesBuildPhase;
			buildActionMask = 2147483647;
			files = (
				0CBDBE05F7E019B22DA38536 /* Assets.xcassets in Resources */,
			);
			runOnlyForDeploymentPostprocessing = 0;
		};
/* End PBXResourcesBuildPhase section */

/* Begin PBXSourcesBuildPhase section */
		03EC665B321132B47AA0A436 /* Sources */ = {
			isa = PBXSourcesBuildPhase;
			buildActionMask = 2147483647;
			files = (
				B525D325408DEB967AEAFA06 /* CalendarView.swift in Sources */,
				97311D1540CAB114E35C6FD1 /* CallSheetEditor.swift in Sources */,
				6AFAD85C52E5AD37427DD0FD /* CallSheetExporter.swift in Sources */,
				41DF1BF417E3DF4A382CA70A /* CineSchedApp.swift in Sources */,
				2E670DF21FAF28834105276A /* ConflictReportSheet.swift in Sources */,
				8922680EB86B0AB5065CE39D /* ConflictScanner.swift in Sources */,
				3D939E27486218E5F3F51276 /* ContentView.swift in Sources */,
				EBAA65757E2CE5CC4527FBB0 /* DaysOutOfDaysExporter.swift in Sources */,
				4C412D9B4F51E9F914AB7C0F /* FinalDraftParser.swift in Sources */,
				F8F1583B91AF10633DDCC3E2 /* Formatting.swift in Sources */,
				648B0E406CB03EFB1048814F /* FountainImporter.swift in Sources */,
				B61EF7C2D46FFC833736E6E8 /* FountainPaginator.swift in Sources */,
				C957B39D7E8E6175B3C494C4 /* FountainParser.swift in Sources */,
				D05604E71AFCC997F4A18D2E /* HighlandArchiveReader.swift in Sources */,
				31E37C89DE9C110DA36BC35D /* HoverTooltip.swift in Sources */,
				BA9D705CB80469F38884B3BC /* ImportSummaryView.swift in Sources */,
				C19D225E347639D9915F0C98 /* Models.swift in Sources */,
				9EABDF4CFC26AD14496B9E92 /* NewSceneInputView.swift in Sources */,
				C3D6CB6264D737774C2EBBAF /* PDFExporter.swift in Sources */,
				05D8A339792AADC189225DD8 /* Parsers.swift in Sources */,
				C9466B7A4CE6D1FC78B37601 /* ProductionSetupSheet.swift in Sources */,
				AEAD5DD7D41DC54CEDDCECA5 /* ProjectStore.swift in Sources */,
				650C618D3E3B93D6726BDF4A /* RecentFilesStore.swift in Sources */,
				CB1A736C4E36C1417C051848 /* SceneEditSheet.swift in Sources */,
				D4D1023A85B4FD887F7C7000 /* SelectAllTextField.swift in Sources */,
				9C4151F0FBA45A9AE43612CF /* SendToDaySheet.swift in Sources */,
				7F4DCE9A77B6427C7149BDD3 /* StripboardView.swift in Sources */,
			);
			runOnlyForDeploymentPostprocessing = 0;
		};
		D48BD96D491E37015FC8ADE4 /* Sources */ = {
			isa = PBXSourcesBuildPhase;
			buildActionMask = 2147483647;
			files = (
				0A38DEACD1807462D8A3B4BA /* FountainPaginatorTests.swift in Sources */,
				0FAD5ADC6AC1E5D44D4B613E /* FountainParserTests.swift in Sources */,
			);
			runOnlyForDeploymentPostprocessing = 0;
		};
/* End PBXSourcesBuildPhase section */

/* Begin PBXTargetDependency section */
		02CC560957880DA960A2220E /* PBXTargetDependency */ = {
			isa = PBXTargetDependency;
			target = D343CAA0ACDB4CB6EB268B4E /* CineSched */;
			targetProxy = 1F9110F1F97AA14040719932 /* PBXContainerItemProxy */;
		};
/* End PBXTargetDependency section */

/* Begin XCBuildConfiguration section */
		072B2C59D18281621F5015BF /* Debug */ = {
			isa = XCBuildConfiguration;
			buildSettings = {
				BUNDLE_LOADER = "$(TEST_HOST)";
				COMBINE_HIDPI_IMAGES = YES;
				GENERATE_INFOPLIST_FILE = YES;
				LD_RUNPATH_SEARCH_PATHS = (
					"$(inherited)",
					"@executable_path/../Frameworks",
					"@loader_path/../Frameworks",
				);
				MACOSX_DEPLOYMENT_TARGET = 14.0;
				PRODUCT_BUNDLE_IDENTIFIER = PyroStudios.CineSchedTests;
				SDKROOT = macosx;
				TEST_HOST = "$(BUILT_PRODUCTS_DIR)/CineSched.app/Contents/MacOS/CineSched";
			};
			name = Debug;
		};
		2E7C39F68414642E51A91FA1 /* Release */ = {
			isa = XCBuildConfiguration;
			buildSettings = {
				BUNDLE_LOADER = "$(TEST_HOST)";
				COMBINE_HIDPI_IMAGES = YES;
				GENERATE_INFOPLIST_FILE = YES;
				LD_RUNPATH_SEARCH_PATHS = (
					"$(inherited)",
					"@executable_path/../Frameworks",
					"@loader_path/../Frameworks",
				);
				MACOSX_DEPLOYMENT_TARGET = 14.0;
				PRODUCT_BUNDLE_IDENTIFIER = PyroStudios.CineSchedTests;
				SDKROOT = macosx;
				TEST_HOST = "$(BUILT_PRODUCTS_DIR)/CineSched.app/Contents/MacOS/CineSched";
			};
			name = Release;
		};
		887C2527BE28BC6D006EF953 /* Release */ = {
			isa = XCBuildConfiguration;
			buildSettings = {
				ALWAYS_SEARCH_USER_PATHS = NO;
				CLANG_ANALYZER_NONNULL = YES;
				CLANG_ANALYZER_NUMBER_OBJECT_CONVERSION = YES_AGGRESSIVE;
				CLANG_CXX_LANGUAGE_STANDARD = "gnu++14";
				CLANG_CXX_LIBRARY = "libc++";
				CLANG_ENABLE_MODULES = YES;
				CLANG_ENABLE_OBJC_ARC = YES;
				CLANG_ENABLE_OBJC_WEAK = YES;
				CLANG_WARN_BLOCK_CAPTURE_AUTORELEASING = YES;
				CLANG_WARN_BOOL_CONVERSION = YES;
				CLANG_WARN_COMMA = YES;
				CLANG_WARN_CONSTANT_CONVERSION = YES;
				CLANG_WARN_DEPRECATED_OBJC_IMPLEMENTATIONS = YES;
				CLANG_WARN_DIRECT_OBJC_ISA_USAGE = YES_ERROR;
				CLANG_WARN_DOCUMENTATION_COMMENTS = YES;
				CLANG_WARN_EMPTY_BODY = YES;
				CLANG_WARN_ENUM_CONVERSION = YES;
				CLANG_WARN_INFINITE_RECURSION = YES;
				CLANG_WARN_INT_CONVERSION = YES;
				CLANG_WARN_NON_LITERAL_NULL_CONVERSION = YES;
				CLANG_WARN_OBJC_IMPLICIT_RETAIN_SELF = YES;
				CLANG_WARN_OBJC_LITERAL_CONVERSION = YES;
				CLANG_WARN_OBJC_ROOT_CLASS = YES_ERROR;
				CLANG_WARN_QUOTED_INCLUDE_IN_FRAMEWORK_HEADER = YES;
				CLANG_WARN_RANGE_LOOP_ANALYSIS = YES;
				CLANG_WARN_STRICT_PROTOTYPES = YES;
				CLANG_WARN_SUSPICIOUS_MOVE = YES;
				CLANG_WARN_UNGUARDED_AVAILABILITY = YES_AGGRESSIVE;
				CLANG_WARN_UNREACHABLE_CODE = YES;
				CLANG_WARN__DUPLICATE_METHOD_MATCH = YES;
				CODE_SIGN_IDENTITY = "-";
				CODE_SIGN_STYLE = Automatic;
				COPY_PHASE_STRIP = NO;
				CURRENT_PROJECT_VERSION = 1;
				DEBUG_INFORMATION_FORMAT = "dwarf-with-dsym";
				DEVELOPMENT_TEAM = "";
				ENABLE_NS_ASSERTIONS = NO;
				ENABLE_STRICT_OBJC_MSGSEND = YES;
				GCC_C_LANGUAGE_STANDARD = gnu11;
				GCC_NO_COMMON_BLOCKS = YES;
				GCC_WARN_64_TO_32_BIT_CONVERSION = YES;
				GCC_WARN_ABOUT_RETURN_TYPE = YES_ERROR;
				GCC_WARN_UNDECLARED_SELECTOR = YES;
				GCC_WARN_UNINITIALIZED_AUTOS = YES_AGGRESSIVE;
				GCC_WARN_UNUSED_FUNCTION = YES;
				GCC_WARN_UNUSED_VARIABLE = YES;
				MACOSX_DEPLOYMENT_TARGET = 14.0;
				MARKETING_VERSION = 4;
				MTL_ENABLE_DEBUG_INFO = NO;
				MTL_FAST_MATH = YES;
				PRODUCT_NAME = "$(TARGET_NAME)";
				SDKROOT = macosx;
				SWIFT_COMPILATION_MODE = wholemodule;
				SWIFT_OPTIMIZATION_LEVEL = "-O";
				SWIFT_VERSION = 5.0;
			};
			name = Release;
		};
		90308000778CA2682F1F1BF6 /* Release */ = {
			isa = XCBuildConfiguration;
			buildSettings = {
				ASSETCATALOG_COMPILER_APPICON_NAME = AppIcon;
				CODE_SIGN_ENTITLEMENTS = CineSched.entitlements;
				COMBINE_HIDPI_IMAGES = YES;
				ENABLE_PREVIEWS = YES;
				GENERATE_INFOPLIST_FILE = YES;
				INFOPLIST_FILE = Info.plist;
				INFOPLIST_KEY_CFBundleDisplayName = CineSched;
				INFOPLIST_KEY_LSApplicationCategoryType = "public.app-category.productivity";
				INFOPLIST_KEY_NSHumanReadableCopyright = "";
				LD_RUNPATH_SEARCH_PATHS = (
					"$(inherited)",
					"@executable_path/../Frameworks",
				);
				MACOSX_DEPLOYMENT_TARGET = 14.0;
				PRODUCT_BUNDLE_IDENTIFIER = PyroStudios.CineSched;
				PRODUCT_NAME = CineSched;
				SDKROOT = macosx;
			};
			name = Release;
		};
		9D30E3EC55F0EEC2105BDDB8 /* Debug */ = {
			isa = XCBuildConfiguration;
			buildSettings = {
				ALWAYS_SEARCH_USER_PATHS = NO;
				CLANG_ANALYZER_NONNULL = YES;
				CLANG_ANALYZER_NUMBER_OBJECT_CONVERSION = YES_AGGRESSIVE;
				CLANG_CXX_LANGUAGE_STANDARD = "gnu++14";
				CLANG_CXX_LIBRARY = "libc++";
				CLANG_ENABLE_MODULES = YES;
				CLANG_ENABLE_OBJC_ARC = YES;
				CLANG_ENABLE_OBJC_WEAK = YES;
				CLANG_WARN_BLOCK_CAPTURE_AUTORELEASING = YES;
				CLANG_WARN_BOOL_CONVERSION = YES;
				CLANG_WARN_COMMA = YES;
				CLANG_WARN_CONSTANT_CONVERSION = YES;
				CLANG_WARN_DEPRECATED_OBJC_IMPLEMENTATIONS = YES;
				CLANG_WARN_DIRECT_OBJC_ISA_USAGE = YES_ERROR;
				CLANG_WARN_DOCUMENTATION_COMMENTS = YES;
				CLANG_WARN_EMPTY_BODY = YES;
				CLANG_WARN_ENUM_CONVERSION = YES;
				CLANG_WARN_INFINITE_RECURSION = YES;
				CLANG_WARN_INT_CONVERSION = YES;
				CLANG_WARN_NON_LITERAL_NULL_CONVERSION = YES;
				CLANG_WARN_OBJC_IMPLICIT_RETAIN_SELF = YES;
				CLANG_WARN_OBJC_LITERAL_CONVERSION = YES;
				CLANG_WARN_OBJC_ROOT_CLASS = YES_ERROR;
				CLANG_WARN_QUOTED_INCLUDE_IN_FRAMEWORK_HEADER = YES;
				CLANG_WARN_RANGE_LOOP_ANALYSIS = YES;
				CLANG_WARN_STRICT_PROTOTYPES = YES;
				CLANG_WARN_SUSPICIOUS_MOVE = YES;
				CLANG_WARN_UNGUARDED_AVAILABILITY = YES_AGGRESSIVE;
				CLANG_WARN_UNREACHABLE_CODE = YES;
				CLANG_WARN__DUPLICATE_METHOD_MATCH = YES;
				CODE_SIGN_IDENTITY = "-";
				CODE_SIGN_STYLE = Automatic;
				COPY_PHASE_STRIP = NO;
				CURRENT_PROJECT_VERSION = 1;
				DEBUG_INFORMATION_FORMAT = dwarf;
				DEVELOPMENT_TEAM = "";
				ENABLE_STRICT_OBJC_MSGSEND = YES;
				ENABLE_TESTABILITY = YES;
				GCC_C_LANGUAGE_STANDARD = gnu11;
				GCC_DYNAMIC_NO_PIC = NO;
				GCC_NO_COMMON_BLOCKS = YES;
				GCC_OPTIMIZATION_LEVEL = 0;
				GCC_PREPROCESSOR_DEFINITIONS = (
					"$(inherited)",
					"DEBUG=1",
				);
				GCC_WARN_64_TO_32_BIT_CONVERSION = YES;
				GCC_WARN_ABOUT_RETURN_TYPE = YES_ERROR;
				GCC_WARN_UNDECLARED_SELECTOR = YES;
				GCC_WARN_UNINITIALIZED_AUTOS = YES_AGGRESSIVE;
				GCC_WARN_UNUSED_FUNCTION = YES;
				GCC_WARN_UNUSED_VARIABLE = YES;
				MACOSX_DEPLOYMENT_TARGET = 14.0;
				MARKETING_VERSION = 4;
				MTL_ENABLE_DEBUG_INFO = INCLUDE_SOURCE;
				MTL_FAST_MATH = YES;
				ONLY_ACTIVE_ARCH = YES;
				PRODUCT_NAME = "$(TARGET_NAME)";
				SDKROOT = macosx;
				SWIFT_ACTIVE_COMPILATION_CONDITIONS = DEBUG;
				SWIFT_OPTIMIZATION_LEVEL = "-Onone";
				SWIFT_VERSION = 5.0;
			};
			name = Debug;
		};
		FEC180540D04CA70606CBF9B /* Debug */ = {
			isa = XCBuildConfiguration;
			buildSettings = {
				ASSETCATALOG_COMPILER_APPICON_NAME = AppIcon;
				CODE_SIGN_ENTITLEMENTS = CineSched.entitlements;
				COMBINE_HIDPI_IMAGES = YES;
				ENABLE_PREVIEWS = YES;
				GENERATE_INFOPLIST_FILE = YES;
				INFOPLIST_FILE = Info.plist;
				INFOPLIST_KEY_CFBundleDisplayName = CineSched;
				INFOPLIST_KEY_LSApplicationCategoryType = "public.app-category.productivity";
				INFOPLIST_KEY_NSHumanReadableCopyright = "";
				LD_RUNPATH_SEARCH_PATHS = (
					"$(inherited)",
					"@executable_path/../Frameworks",
				);
				MACOSX_DEPLOYMENT_TARGET = 14.0;
				PRODUCT_BUNDLE_IDENTIFIER = PyroStudios.CineSched;
				PRODUCT_NAME = CineSched;
				SDKROOT = macosx;
			};
			name = Debug;
		};
/* End XCBuildConfiguration section */

/* Begin XCConfigurationList section */
		7BB01B4464E2CF05CF8C8112 /* Build configuration list for PBXNativeTarget "CineSched" */ = {
			isa = XCConfigurationList;
			buildConfigurations = (
				FEC180540D04CA70606CBF9B /* Debug */,
				90308000778CA2682F1F1BF6 /* Release */,
			);
			defaultConfigurationIsVisible = 0;
			defaultConfigurationName = Debug;
		};
		916E904CB1AE08C82F8F3C62 /* Build configuration list for PBXNativeTarget "CineSchedTests" */ = {
			isa = XCConfigurationList;
			buildConfigurations = (
				072B2C59D18281621F5015BF /* Debug */,
				2E7C39F68414642E51A91FA1 /* Release */,
			);
			defaultConfigurationIsVisible = 0;
			defaultConfigurationName = Debug;
		};
		A61CB72E2F30F58A42B7FB0C /* Build configuration list for PBXProject "CineSched" */ = {
			isa = XCConfigurationList;
			buildConfigurations = (
				9D30E3EC55F0EEC2105BDDB8 /* Debug */,
				887C2527BE28BC6D006EF953 /* Release */,
			);
			defaultConfigurationIsVisible = 0;
			defaultConfigurationName = Debug;
		};
/* End XCConfigurationList section */
	};
	rootObject = 67ADA80CACE8B603B45D54D8 /* Project object */;
}
