// !$*UTF8*$!
{
	archiveVersion = 1;
	classes = {
	};
	objectVersion = 77;
	objects = {

/* Begin PBXBuildFile section */
		015ED4FAFC8663C6E19BD57E /* ConflictReportSheet.swift in Sources */ = {isa = PBXBuildFile; fileRef = "TEMP_6B10F5DD-D1A9-4851-B001-DB908EA358D9" /* ConflictReportSheet.swift */; };
		0A38DEACD1807462D8A3B4BA /* FountainPaginatorTests.swift in Sources */ = {isa = PBXBuildFile; fileRef = 0210E9E1E402F2CC82F6DAD8 /* FountainPaginatorTests.swift */; };
		0DBE5C691F23E07FEF866564 /* ImportSummaryView.swift in Sources */ = {isa = PBXBuildFile; fileRef = "TEMP_0AA3B5ED-BE5D-48A9-8BB8-AF14565C9182" /* ImportSummaryView.swift */; };
		0FAD5ADC6AC1E5D44D4B613E /* FountainParserTests.swift in Sources */ = {isa = PBXBuildFile; fileRef = ED6A7DD04348E0C7034597E2 /* FountainParserTests.swift */; };
		1B99D820B8A3F3AD5C257B60 /* ProjectStore.swift in Sources */ = {isa = PBXBuildFile; fileRef = "TEMP_3B1F4CF2-E807-458C-A383-39E962DEB114" /* ProjectStore.swift */; };
		2042A443A9F62C76C6C67160 /* ProductionSetupSheet.swift in Sources */ = {isa = PBXBuildFile; fileRef = "TEMP_2F634A3D-82A6-415F-869A-A75931BF702C" /* ProductionSetupSheet.swift */; };
		23087D9A1A3FE5BD5DD98937 /* SelectAllTextField.swift in Sources */ = {isa = PBXBuildFile; fileRef = "TEMP_09F28AC7-1AF7-440F-8CAF-D53155D6F794" /* SelectAllTextField.swift */; };
		2516D421EEB1F2CA7DBF05C3 /* CalendarView.swift in Sources */ = {isa = PBXBuildFile; fileRef = "TEMP_244436D1-74E3-4E1E-A7C3-6B954174E07C" /* CalendarView.swift */; };
		25A217C08BA36F76CFD8AC34 /* NewSceneInputView.swift in Sources */ = {isa = PBXBuildFile; fileRef = "TEMP_A19393C6-91F3-462A-A9FB-BCE9E1F7EC3E" /* NewSceneInputView.swift */; };
		2B446EEBE053FBC27C74B9E6 /* SceneEditSheet.swift in Sources */ = {isa = PBXBuildFile; fileRef = "TEMP_DF069A04-5013-4751-9CE7-B795E41945F1" /* SceneEditSheet.swift */; };
		2F4E6954EC817B7692763FA6 /* CineSchedApp.swift in Sources */ = {isa = PBXBuildFile; fileRef = "TEMP_44E5629F-1144-42CD-B659-E0CCA5D5725D" /* CineSchedApp.swift */; };
		3A869D7C244B5AB3F1206888 /* Parsers.swift in Sources */ = {isa = PBXBuildFile; fileRef = "TEMP_A3861F8D-3AB6-4E09-A2FF-E836154DC46D" /* Parsers.swift */; };
		3A94654846F371B017CE5218 /* PDFExporter.swift in Sources */ = {isa = PBXBuildFile; fileRef = "TEMP_757290F8-749C-486D-A861-895680E472F6" /* PDFExporter.swift */; };
		44AED6AFE42388D9E586D1DD /* FountainPaginator.swift in Sources */ = {isa = PBXBuildFile; fileRef = "TEMP_BB741C04-5E56-4F1C-B330-1B7C1868E37F" /* FountainPaginator.swift */; };
		5580A2BEBA3A89E0BB2B49E6 /* HoverTooltip.swift in Sources */ = {isa = PBXBuildFile; fileRef = "TEMP_38EBCE40-27D9-40D4-A316-E41E1EA6FED8" /* HoverTooltip.swift */; };
		5B881C5B3291381EE2EB2002 /* CallSheetEditor.swift in Sources */ = {isa = PBXBuildFile; fileRef = "TEMP_AABBC5F2-3CBC-4DAD-903A-56521BA01446" /* CallSheetEditor.swift */; };
		61E15B7BECA1214B54C44175 /* Models.swift in Sources */ = {isa = PBXBuildFile; fileRef = "TEMP_2C9E043B-7A5E-4A81-B0AA-141A211252FD" /* Models.swift */; };
		79551E3940D86EBD51885144 /* CallSheetExporter.swift in Sources */ = {isa = PBXBuildFile; fileRef = "TEMP_CAB8DFF7-4467-4AC9-93E6-1AB0981F839F" /* CallSheetExporter.swift */; };
		924A31FD940711957C8D86D6 /* ContentView.swift in Sources */ = {isa = PBXBuildFile; fileRef = "TEMP_181E2A74-0180-4BE5-8392-FE7C54833EE3" /* ContentView.swift */; };
		AD70C791FB020B79F455BCC3 /* FountainParser.swift in Sources */ = {isa = PBXBuildFile; fileRef = "TEMP_AC4B4F17-6861-4FB5-AC9D-0D2F34432D22" /* FountainParser.swift */; };
		BF19078398937C52E09FA4C2 /* HighlandArchiveReader.swift in Sources */ = {isa = PBXBuildFile; fileRef = "TEMP_038E9F56-4D86-4177-93E5-FC83D5C22317" /* HighlandArchiveReader.swift */; };
		BFF7BD8616BB47A5AB62A3A4 /* FinalDraftParser.swift in Sources */ = {isa = PBXBuildFile; fileRef = "TEMP_A8E51E4C-9251-4FD5-92A8-D6A4FF7B9755" /* FinalDraftParser.swift */; };
		CF72EB4E74E94119BAB11F22 /* SendToDaySheet.swift in Sources */ = {isa = PBXBuildFile; fileRef = "TEMP_66023BCC-0F3F-4135-A1E4-323A04BF56E3" /* SendToDaySheet.swift */; };
		E6A2FDEB94C168BF40DB487A /* DaysOutOfDaysExporter.swift in Sources */ = {isa = PBXBuildFile; fileRef = "TEMP_0732741B-FC5C-4ED9-9CE5-43F2F16137D4" /* DaysOutOfDaysExporter.swift */; };
		F2686C90DF22B714843D4980 /* Formatting.swift in Sources */ = {isa = PBXBuildFile; fileRef = "TEMP_4EC1491D-CB9A-4C01-82DC-F25B6A90B0BA" /* Formatting.swift */; };
		F2B352F437EB819A17BDA01D /* FountainImporter.swift in Sources */ = {isa = PBXBuildFile; fileRef = "TEMP_488AAE44-5F85-4561-A3FA-897405602E1E" /* FountainImporter.swift */; };
		F2C7D556D4896ACF4DEF84A0 /* RecentFilesStore.swift in Sources */ = {isa = PBXBuildFile; fileRef = "TEMP_AB8A9F44-9C5F-4BD0-9847-3B0C7E8EBABC" /* RecentFilesStore.swift */; };
		F340C3D65A85975DA57A3C17 /* ConflictScanner.swift in Sources */ = {isa = PBXBuildFile; fileRef = "TEMP_7909709E-C29C-4728-BCBC-035EE2032F17" /* ConflictScanner.swift */; };
		FE98F50077F42DDA23990B14 /* Assets.xcassets in Resources */ = {isa = PBXBuildFile; fileRef = "TEMP_249734AF-0589-4577-B109-5969EB290E10" /* Assets.xcassets */; };
/* End PBXBuildFile section */

/* Begin PBXContainerItemProxy section */
		1F9110F1F97AA14040719932 /* PBXContainerItemProxy */ = {
			isa = PBXContainerItemProxy;
			containerPortal = 67ADA80CACE8B603B45D54D8 /* Project object */;
			proxyType = 1;
			remoteGlobalIDString = D343CAA0ACDB4CB6EB268B4E;
			remoteInfo = CineSched;
		};
/* End PBXContainerItemProxy section */

/* Begin PBXFileReference section */
		0210E9E1E402F2CC82F6DAD8 /* FountainPaginatorTests.swift */ = {isa = PBXFileReference; lastKnownFileType = sourcecode.swift; path = FountainPaginatorTests.swift; sourceTree = "<group>"; };
		16A5CFF5763599F9FF5CD187 /* CineSchedTests.xctest */ = {isa = PBXFileReference; explicitFileType = wrapper.cfbundle; includeInIndex = 0; path = CineSchedTests.xctest; sourceTree = BUILT_PRODUCTS_DIR; };
		A33415770FEB25F2001ED0E4 /* CineSched.app */ = {isa = PBXFileReference; explicitFileType = wrapper.application; includeInIndex = 0; path = CineSched.app; sourceTree = BUILT_PRODUCTS_DIR; };
		ED6A7DD04348E0C7034597E2 /* FountainParserTests.swift */ = {isa = PBXFileReference; lastKnownFileType = sourcecode.swift; path = FountainParserTests.swift; sourceTree = "<group>"; };
		"TEMP_038E9F56-4D86-4177-93E5-FC83D5C22317" /* HighlandArchiveReader.swift */ = {isa = PBXFileReference; lastKnownFileType = sourcecode.swift; path = HighlandArchiveReader.swift; sourceTree = "<group>"; };
		"TEMP_0732741B-FC5C-4ED9-9CE5-43F2F16137D4" /* DaysOutOfDaysExporter.swift */ = {isa = PBXFileReference; lastKnownFileType = sourcecode.swift; path = DaysOutOfDaysExporter.swift; sourceTree = "<group>"; };
		"TEMP_09F28AC7-1AF7-440F-8CAF-D53155D6F794" /* SelectAllTextField.swift */ = {isa = PBXFileReference; lastKnownFileType = sourcecode.swift; path = SelectAllTextField.swift; sourceTree = "<group>"; };
		"TEMP_0AA3B5ED-BE5D-48A9-8BB8-AF14565C9182" /* ImportSummaryView.swift */ = {isa = PBXFileReference; lastKnownFileType = sourcecode.swift; path = ImportSummaryView.swift; sourceTree = "<group>"; };
		"TEMP_181E2A74-0180-4BE5-8392-FE7C54833EE3" /* ContentView.swift */ = {isa = PBXFileReference; lastKnownFileType = sourcecode.swift; path = ContentView.swift; sourceTree = "<group>"; };
		"TEMP_244436D1-74E3-4E1E-A7C3-6B954174E07C" /* CalendarView.swift */ = {isa = PBXFileReference; lastKnownFileType = sourcecode.swift; path = CalendarView.swift; sourceTree = "<group>"; };
		"TEMP_249734AF-0589-4577-B109-5969EB290E10" /* Assets.xcassets */ = {isa = PBXFileReference; lastKnownFileType = folder.assetcatalog; path = Assets.xcassets; sourceTree = "<group>"; };
		"TEMP_2C9E043B-7A5E-4A81-B0AA-141A211252FD" /* Models.swift */ = {isa = PBXFileReference; lastKnownFileType = sourcecode.swift; path = Models.swift; sourceTree = "<group>"; };
		"TEMP_2F634A3D-82A6-415F-869A-A75931BF702C" /* ProductionSetupSheet.swift */ = {isa = PBXFileReference; lastKnownFileType = sourcecode.swift; path = ProductionSetupSheet.swift; sourceTree = "<group>"; };
		"TEMP_38EBCE40-27D9-40D4-A316-E41E1EA6FED8" /* HoverTooltip.swift */ = {isa = PBXFileReference; lastKnownFileType = sourcecode.swift; path = HoverTooltip.swift; sourceTree = "<group>"; };
		"TEMP_3B1F4CF2-E807-458C-A383-39E962DEB114" /* ProjectStore.swift */ = {isa = PBXFileReference; lastKnownFileType = sourcecode.swift; path = ProjectStore.swift; sourceTree = "<group>"; };
		"TEMP_408BC25D-52A1-4183-AAFB-155D923AAEE6" /* Info.plist */ = {isa = PBXFileReference; lastKnownFileType = text.plist; path = Info.plist; sourceTree = "<group>"; };
		"TEMP_427B217B-FB54-4A5F-AB5C-2AD968CC6DAE" /* CineSched.entitlements */ = {isa = PBXFileReference; lastKnownFileType = text.plist.entitlements; path = CineSched.entitlements; sourceTree = "<group>"; };
		"TEMP_44E5629F-1144-42CD-B659-E0CCA5D5725D" /* CineSchedApp.swift */ = {isa = PBXFileReference; lastKnownFileType = sourcecode.swift; path = CineSchedApp.swift; sourceTree = "<group>"; };
		"TEMP_488AAE44-5F85-4561-A3FA-897405602E1E" /* FountainImporter.swift */ = {isa = PBXFileReference; lastKnownFileType = sourcecode.swift; path = FountainImporter.swift; sourceTree = "<group>"; };
		"TEMP_4EC1491D-CB9A-4C01-82DC-F25B6A90B0BA" /* Formatting.swift */ = {isa = PBXFileReference; lastKnownFileType = sourcecode.swift; path = Formatting.swift; sourceTree = "<group>"; };
		"TEMP_66023BCC-0F3F-4135-A1E4-323A04BF56E3" /* SendToDaySheet.swift */ = {isa = PBXFileReference; lastKnownFileType = sourcecode.swift; path = SendToDaySheet.swift; sourceTree = "<group>"; };
		"TEMP_6B10F5DD-D1A9-4851-B001-DB908EA358D9" /* ConflictReportSheet.swift */ = {isa = PBXFileReference; lastKnownFileType = sourcecode.swift; path = ConflictReportSheet.swift; sourceTree = "<group>"; };
		"TEMP_757290F8-749C-486D-A861-895680E472F6" /* PDFExporter.swift */ = {isa = PBXFileReference; lastKnownFileType = sourcecode.swift; path = PDFExporter.swift; sourceTree = "<group>"; };
		"TEMP_7909709E-C29C-4728-BCBC-035EE2032F17" /* ConflictScanner.swift */ = {isa = PBXFileReference; lastKnownFileType = sourcecode.swift; path = ConflictScanner.swift; sourceTree = "<group>"; };
		"TEMP_91FCCFFA-7236-44A8-A20C-15D1C7417D92" /* .gitignore */ = {isa = PBXFileReference; path = .gitignore; sourceTree = "<group>"; };
		"TEMP_A19393C6-91F3-462A-A9FB-BCE9E1F7EC3E" /* NewSceneInputView.swift */ = {isa = PBXFileReference; lastKnownFileType = sourcecode.swift; path = NewSceneInputView.swift; sourceTree = "<group>"; };
		"TEMP_A3861F8D-3AB6-4E09-A2FF-E836154DC46D" /* Parsers.swift */ = {isa = PBXFileReference; lastKnownFileType = sourcecode.swift; path = Parsers.swift; sourceTree = "<group>"; };
		"TEMP_A8E51E4C-9251-4FD5-92A8-D6A4FF7B9755" /* FinalDraftParser.swift */ = {isa = PBXFileReference; lastKnownFileType = sourcecode.swift; path = FinalDraftParser.swift; sourceTree = "<group>"; };
		"TEMP_AABBC5F2-3CBC-4DAD-903A-56521BA01446" /* CallSheetEditor.swift */ = {isa = PBXFileReference; lastKnownFileType = sourcecode.swift; path = CallSheetEditor.swift; sourceTree = "<group>"; };
		"TEMP_AB8A9F44-9C5F-4BD0-9847-3B0C7E8EBABC" /* RecentFilesStore.swift */ = {isa = PBXFileReference; lastKnownFileType = sourcecode.swift; path = RecentFilesStore.swift; sourceTree = "<group>"; };
		"TEMP_AC4B4F17-6861-4FB5-AC9D-0D2F34432D22" /* FountainParser.swift */ = {isa = PBXFileReference; lastKnownFileType = sourcecode.swift; path = FountainParser.swift; sourceTree = "<group>"; };
		"TEMP_BB741C04-5E56-4F1C-B330-1B7C1868E37F" /* FountainPaginator.swift */ = {isa = PBXFileReference; lastKnownFileType = sourcecode.swift; path = FountainPaginator.swift; sourceTree = "<group>"; };
		"TEMP_CAB8DFF7-4467-4AC9-93E6-1AB0981F839F" /* CallSheetExporter.swift */ = {isa = PBXFileReference; lastKnownFileType = sourcecode.swift; path = CallSheetExporter.swift; sourceTree = "<group>"; };
		"TEMP_DF069A04-5013-4751-9CE7-B795E41945F1" /* SceneEditSheet.swift */ = {isa = PBXFileReference; lastKnownFileType = sourcecode.swift; path = SceneEditSheet.swift; sourceTree = "<group>"; };
/* End PBXFileReference section */

/* Begin PBXGroup section */
		2581F94A8082CEBDF3E82AE1 /* Tests */ = {
			isa = PBXGroup;
			children = (
				0210E9E1E402F2CC82F6DAD8 /* FountainPaginatorTests.swift */,
				ED6A7DD04348E0C7034597E2 /* FountainParserTests.swift */,
			);
			path = Tests;
			sourceTree = "<group>";
		};
		CC3FE736529F7DBDB5FB6005 /* Products */ = {
			isa = PBXGroup;
			children = (
				A33415770FEB25F2001ED0E4 /* CineSched.app */,
				16A5CFF5763599F9FF5CD187 /* CineSchedTests.xctest */,
			);
			name = Products;
			sourceTree = "<group>";
		};
		E0993B5EC4446C03E0313AB1 = {
			isa = PBXGroup;
			children = (
				2581F94A8082CEBDF3E82AE1 /* Tests */,
				CC3FE736529F7DBDB5FB6005 /* Products */,
			);
			sourceTree = "<group>";
		};
		"TEMP_1CA90CD0-7C84-4EFF-A11B-80B4F120E660" /* . */ = {
			isa = PBXGroup;
			children = (
				"TEMP_DF069A04-5013-4751-9CE7-B795E41945F1" /* SceneEditSheet.swift */,
				"TEMP_AB8A9F44-9C5F-4BD0-9847-3B0C7E8EBABC" /* RecentFilesStore.swift */,
				"TEMP_0732741B-FC5C-4ED9-9CE5-43F2F16137D4" /* DaysOutOfDaysExporter.swift */,
				"TEMP_44E5629F-1144-42CD-B659-E0CCA5D5725D" /* CineSchedApp.swift */,
				"TEMP_A19393C6-91F3-462A-A9FB-BCE9E1F7EC3E" /* NewSceneInputView.swift */,
				"TEMP_249734AF-0589-4577-B109-5969EB290E10" /* Assets.xcassets */,
				"TEMP_AABBC5F2-3CBC-4DAD-903A-56521BA01446" /* CallSheetEditor.swift */,
				"TEMP_0AA3B5ED-BE5D-48A9-8BB8-AF14565C9182" /* ImportSummaryView.swift */,
				"TEMP_CAB8DFF7-4467-4AC9-93E6-1AB0981F839F" /* CallSheetExporter.swift */,
				"TEMP_A8E51E4C-9251-4FD5-92A8-D6A4FF7B9755" /* FinalDraftParser.swift */,
				"TEMP_AC4B4F17-6861-4FB5-AC9D-0D2F34432D22" /* FountainParser.swift */,
				"TEMP_757290F8-749C-486D-A861-895680E472F6" /* PDFExporter.swift */,
				"TEMP_38EBCE40-27D9-40D4-A316-E41E1EA6FED8" /* HoverTooltip.swift */,
				"TEMP_3B1F4CF2-E807-458C-A383-39E962DEB114" /* ProjectStore.swift */,
				"TEMP_91FCCFFA-7236-44A8-A20C-15D1C7417D92" /* .gitignore */,
				"TEMP_2C9E043B-7A5E-4A81-B0AA-141A211252FD" /* Models.swift */,
				"TEMP_7909709E-C29C-4728-BCBC-035EE2032F17" /* ConflictScanner.swift */,
				"TEMP_A3861F8D-3AB6-4E09-A2FF-E836154DC46D" /* Parsers.swift */,
				"TEMP_6B10F5DD-D1A9-4851-B001-DB908EA358D9" /* ConflictReportSheet.swift */,
				"TEMP_BB741C04-5E56-4F1C-B330-1B7C1868E37F" /* FountainPaginator.swift */,
				"TEMP_038E9F56-4D86-4177-93E5-FC83D5C22317" /* HighlandArchiveReader.swift */,
				"TEMP_427B217B-FB54-4A5F-AB5C-2AD968CC6DAE" /* CineSched.entitlements */,
				"TEMP_488AAE44-5F85-4561-A3FA-897405602E1E" /* FountainImporter.swift */,
				"TEMP_4EC1491D-CB9A-4C01-82DC-F25B6A90B0BA" /* Formatting.swift */,
				"TEMP_66023BCC-0F3F-4135-A1E4-323A04BF56E3" /* SendToDaySheet.swift */,
				"TEMP_181E2A74-0180-4BE5-8392-FE7C54833EE3" /* ContentView.swift */,
				"TEMP_2F634A3D-82A6-415F-869A-A75931BF702C" /* ProductionSetupSheet.swift */,
				"TEMP_408BC25D-52A1-4183-AAFB-155D923AAEE6" /* Info.plist */,
				"TEMP_244436D1-74E3-4E1E-A7C3-6B954174E07C" /* CalendarView.swift */,
				"TEMP_09F28AC7-1AF7-440F-8CAF-D53155D6F794" /* SelectAllTextField.swift */,
			);
			name = .;
			path = .;
			sourceTree = "<group>";
		};
/* End PBXGroup section */

/* Begin PBXNativeTarget section */
		6CC24D0E85DFB8B7C2D3B253 /* CineSchedTests */ = {
			isa = PBXNativeTarget;
			buildConfigurationList = 916E904CB1AE08C82F8F3C62 /* Build configuration list for PBXNativeTarget "CineSchedTests" */;
			buildPhases = (
				D48BD96D491E37015FC8ADE4 /* Sources */,
			);
			buildRules = (
			);
			dependencies = (
				02CC560957880DA960A2220E /* PBXTargetDependency */,
			);
			name = CineSchedTests;
			packageProductDependencies = (
			);
			productName = CineSchedTests;
			productReference = 16A5CFF5763599F9FF5CD187 /* CineSchedTests.xctest */;
			productType = "com.apple.product-type.bundle.unit-test";
		};
		D343CAA0ACDB4CB6EB268B4E /* CineSched */ = {
			isa = PBXNativeTarget;
			buildConfigurationList = 7BB01B4464E2CF05CF8C8112 /* Build configuration list for PBXNativeTarget "CineSched" */;
			buildPhases = (
				03EC665B321132B47AA0A436 /* Sources */,
				0DC17208E2E0FAC268C1FF2D /* Resources */,
			);
			buildRules = (
			);
			dependencies = (
			);
			name = CineSched;
			packageProductDependencies = (
			);
			productName = CineSched;
			productReference = A33415770FEB25F2001ED0E4 /* CineSched.app */;
			productType = "com.apple.product-type.application";
		};
/* End PBXNativeTarget section */

/* Begin PBXProject section */
		67ADA80CACE8B603B45D54D8 /* Project object */ = {
			isa = PBXProject;
			attributes = {
				BuildIndependentTargetsInParallel = YES;
				LastUpgradeCheck = 1430;
				TargetAttributes = {
					6CC24D0E85DFB8B7C2D3B253 = {
						DevelopmentTeam = "";
						ProvisioningStyle = Automatic;
					};
					D343CAA0ACDB4CB6EB268B4E = {
						DevelopmentTeam = "";
						ProvisioningStyle = Automatic;
					};
				};
			};
			buildConfigurationList = A61CB72E2F30F58A42B7FB0C /* Build configuration list for PBXProject "CineSched" */;
			developmentRegion = en;
			hasScannedForEncodings = 0;
			knownRegions = (
				Base,
				en,
			);
			mainGroup = E0993B5EC4446C03E0313AB1;
			minimizedProjectReferenceProxies = 1;
			preferredProjectObjectVersion = 77;
			productRefGroup = CC3FE736529F7DBDB5FB6005 /* Products */;
			projectDirPath = "";
			projectRoot = "";
			targets = (
				D343CAA0ACDB4CB6EB268B4E /* CineSched */,
				6CC24D0E85DFB8B7C2D3B253 /* CineSchedTests */,
			);
		};
/* End PBXProject section */

/* Begin PBXResourcesBuildPhase section */
		0DC17208E2E0FAC268C1FF2D /* Resources */ = {
			isa = PBXResourcesBuildPhase;
			buildActionMask = 2147483647;
			files = (
				FE98F50077F42DDA23990B14 /* Assets.xcassets in Resources */,
			);
			runOnlyForDeploymentPostprocessing = 0;
		};
/* End PBXResourcesBuildPhase section */

/* Begin PBXSourcesBuildPhase section */
		03EC665B321132B47AA0A436 /* Sources */ = {
			isa = PBXSourcesBuildPhase;
			buildActionMask = 2147483647;
			files = (
				2516D421EEB1F2CA7DBF05C3 /* CalendarView.swift in Sources */,
				5B881C5B3291381EE2EB2002 /* CallSheetEditor.swift in Sources */,
				79551E3940D86EBD51885144 /* CallSheetExporter.swift in Sources */,
				2F4E6954EC817B7692763FA6 /* CineSchedApp.swift in Sources */,
				015ED4FAFC8663C6E19BD57E /* ConflictReportSheet.swift in Sources */,
				F340C3D65A85975DA57A3C17 /* ConflictScanner.swift in Sources */,
				924A31FD940711957C8D86D6 /* ContentView.swift in Sources */,
				E6A2FDEB94C168BF40DB487A /* DaysOutOfDaysExporter.swift in Sources */,
				BFF7BD8616BB47A5AB62A3A4 /* FinalDraftParser.swift in Sources */,
				F2686C90DF22B714843D4980 /* Formatting.swift in Sources */,
				F2B352F437EB819A17BDA01D /* FountainImporter.swift in Sources */,
				44AED6AFE42388D9E586D1DD /* FountainPaginator.swift in Sources */,
				AD70C791FB020B79F455BCC3 /* FountainParser.swift in Sources */,
				BF19078398937C52E09FA4C2 /* HighlandArchiveReader.swift in Sources */,
				5580A2BEBA3A89E0BB2B49E6 /* HoverTooltip.swift in Sources */,
				0DBE5C691F23E07FEF866564 /* ImportSummaryView.swift in Sources */,
				61E15B7BECA1214B54C44175 /* Models.swift in Sources */,
				25A217C08BA36F76CFD8AC34 /* NewSceneInputView.swift in Sources */,
				3A94654846F371B017CE5218 /* PDFExporter.swift in Sources */,
				3A869D7C244B5AB3F1206888 /* Parsers.swift in Sources */,
				2042A443A9F62C76C6C67160 /* ProductionSetupSheet.swift in Sources */,
				1B99D820B8A3F3AD5C257B60 /* ProjectStore.swift in Sources */,
				F2C7D556D4896ACF4DEF84A0 /* RecentFilesStore.swift in Sources */,
				2B446EEBE053FBC27C74B9E6 /* SceneEditSheet.swift in Sources */,
				23087D9A1A3FE5BD5DD98937 /* SelectAllTextField.swift in Sources */,
				CF72EB4E74E94119BAB11F22 /* SendToDaySheet.swift in Sources */,
			);
			runOnlyForDeploymentPostprocessing = 0;
		};
		D48BD96D491E37015FC8ADE4 /* Sources */ = {
			isa = PBXSourcesBuildPhase;
			buildActionMask = 2147483647;
			files = (
				0A38DEACD1807462D8A3B4BA /* FountainPaginatorTests.swift in Sources */,
				0FAD5ADC6AC1E5D44D4B613E /* FountainParserTests.swift in Sources */,
			);
			runOnlyForDeploymentPostprocessing = 0;
		};
/* End PBXSourcesBuildPhase section */

/* Begin PBXTargetDependency section */
		02CC560957880DA960A2220E /* PBXTargetDependency */ = {
			isa = PBXTargetDependency;
			target = D343CAA0ACDB4CB6EB268B4E /* CineSched */;
			targetProxy = 1F9110F1F97AA14040719932 /* PBXContainerItemProxy */;
		};
/* End PBXTargetDependency section */

/* Begin XCBuildConfiguration section */
		072B2C59D18281621F5015BF /* Debug */ = {
			isa = XCBuildConfiguration;
			buildSettings = {
				BUNDLE_LOADER = "$(TEST_HOST)";
				COMBINE_HIDPI_IMAGES = YES;
				GENERATE_INFOPLIST_FILE = YES;
				LD_RUNPATH_SEARCH_PATHS = (
					"$(inherited)",
					"@executable_path/../Frameworks",
					"@loader_path/../Frameworks",
				);
				MACOSX_DEPLOYMENT_TARGET = 14.0;
				PRODUCT_BUNDLE_IDENTIFIER = PyroStudios.CineSchedTests;
				SDKROOT = macosx;
				TEST_HOST = "$(BUILT_PRODUCTS_DIR)/CineSched.app/Contents/MacOS/CineSched";
			};
			name = Debug;
		};
		2E7C39F68414642E51A91FA1 /* Release */ = {
			isa = XCBuildConfiguration;
			buildSettings = {
				BUNDLE_LOADER = "$(TEST_HOST)";
				COMBINE_HIDPI_IMAGES = YES;
				GENERATE_INFOPLIST_FILE = YES;
				LD_RUNPATH_SEARCH_PATHS = (
					"$(inherited)",
					"@executable_path/../Frameworks",
					"@loader_path/../Frameworks",
				);
				MACOSX_DEPLOYMENT_TARGET = 14.0;
				PRODUCT_BUNDLE_IDENTIFIER = PyroStudios.CineSchedTests;
				SDKROOT = macosx;
				TEST_HOST = "$(BUILT_PRODUCTS_DIR)/CineSched.app/Contents/MacOS/CineSched";
			};
			name = Release;
		};
		887C2527BE28BC6D006EF953 /* Release */ = {
			isa = XCBuildConfiguration;
			buildSettings = {
				ALWAYS_SEARCH_USER_PATHS = NO;
				CLANG_ANALYZER_NONNULL = YES;
				CLANG_ANALYZER_NUMBER_OBJECT_CONVERSION = YES_AGGRESSIVE;
				CLANG_CXX_LANGUAGE_STANDARD = "gnu++14";
				CLANG_CXX_LIBRARY = "libc++";
				CLANG_ENABLE_MODULES = YES;
				CLANG_ENABLE_OBJC_ARC = YES;
				CLANG_ENABLE_OBJC_WEAK = YES;
				CLANG_WARN_BLOCK_CAPTURE_AUTORELEASING = YES;
				CLANG_WARN_BOOL_CONVERSION = YES;
				CLANG_WARN_COMMA = YES;
				CLANG_WARN_CONSTANT_CONVERSION = YES;
				CLANG_WARN_DEPRECATED_OBJC_IMPLEMENTATIONS = YES;
				CLANG_WARN_DIRECT_OBJC_ISA_USAGE = YES_ERROR;
				CLANG_WARN_DOCUMENTATION_COMMENTS = YES;
				CLANG_WARN_EMPTY_BODY = YES;
				CLANG_WARN_ENUM_CONVERSION = YES;
				CLANG_WARN_INFINITE_RECURSION = YES;
				CLANG_WARN_INT_CONVERSION = YES;
				CLANG_WARN_NON_LITERAL_NULL_CONVERSION = YES;
				CLANG_WARN_OBJC_IMPLICIT_RETAIN_SELF = YES;
				CLANG_WARN_OBJC_LITERAL_CONVERSION = YES;
				CLANG_WARN_OBJC_ROOT_CLASS = YES_ERROR;
				CLANG_WARN_QUOTED_INCLUDE_IN_FRAMEWORK_HEADER = YES;
				CLANG_WARN_RANGE_LOOP_ANALYSIS = YES;
				CLANG_WARN_STRICT_PROTOTYPES = YES;
				CLANG_WARN_SUSPICIOUS_MOVE = YES;
				CLANG_WARN_UNGUARDED_AVAILABILITY = YES_AGGRESSIVE;
				CLANG_WARN_UNREACHABLE_CODE = YES;
				CLANG_WARN__DUPLICATE_METHOD_MATCH = YES;
				CODE_SIGN_IDENTITY = "-";
				CODE_SIGN_STYLE = Automatic;
				COPY_PHASE_STRIP = NO;
				CURRENT_PROJECT_VERSION = 1;
				DEBUG_INFORMATION_FORMAT = "dwarf-with-dsym";
				DEVELOPMENT_TEAM = "";
				ENABLE_NS_ASSERTIONS = NO;
				ENABLE_STRICT_OBJC_MSGSEND = YES;
				GCC_C_LANGUAGE_STANDARD = gnu11;
				GCC_NO_COMMON_BLOCKS = YES;
				GCC_WARN_64_TO_32_BIT_CONVERSION = YES;
				GCC_WARN_ABOUT_RETURN_TYPE = YES_ERROR;
				GCC_WARN_UNDECLARED_SELECTOR = YES;
				GCC_WARN_UNINITIALIZED_AUTOS = YES_AGGRESSIVE;
				GCC_WARN_UNUSED_FUNCTION = YES;
				GCC_WARN_UNUSED_VARIABLE = YES;
				MACOSX_DEPLOYMENT_TARGET = 14.0;
				MARKETING_VERSION = 4;
				MTL_ENABLE_DEBUG_INFO = NO;
				MTL_FAST_MATH = YES;
				PRODUCT_NAME = "$(TARGET_NAME)";
				SDKROOT = macosx;
				SWIFT_COMPILATION_MODE = wholemodule;
				SWIFT_OPTIMIZATION_LEVEL = "-O";
				SWIFT_VERSION = 5.0;
			};
			name = Release;
		};
		90308000778CA2682F1F1BF6 /* Release */ = {
			isa = XCBuildConfiguration;
			buildSettings = {
				ASSETCATALOG_COMPILER_APPICON_NAME = AppIcon;
				CODE_SIGN_ENTITLEMENTS = CineSched.entitlements;
				COMBINE_HIDPI_IMAGES = YES;
				ENABLE_PREVIEWS = YES;
				GENERATE_INFOPLIST_FILE = YES;
				INFOPLIST_FILE = Info.plist;
				INFOPLIST_KEY_CFBundleDisplayName = CineSched;
				INFOPLIST_KEY_LSApplicationCategoryType = "public.app-category.productivity";
				INFOPLIST_KEY_NSHumanReadableCopyright = "";
				LD_RUNPATH_SEARCH_PATHS = (
					"$(inherited)",
					"@executable_path/../Frameworks",
				);
				MACOSX_DEPLOYMENT_TARGET = 14.0;
				PRODUCT_BUNDLE_IDENTIFIER = PyroStudios.CineSched;
				PRODUCT_NAME = CineSched;
				SDKROOT = macosx;
			};
			name = Release;
		};
		9D30E3EC55F0EEC2105BDDB8 /* Debug */ = {
			isa = XCBuildConfiguration;
			buildSettings = {
				ALWAYS_SEARCH_USER_PATHS = NO;
				CLANG_ANALYZER_NONNULL = YES;
				CLANG_ANALYZER_NUMBER_OBJECT_CONVERSION = YES_AGGRESSIVE;
				CLANG_CXX_LANGUAGE_STANDARD = "gnu++14";
				CLANG_CXX_LIBRARY = "libc++";
				CLANG_ENABLE_MODULES = YES;
				CLANG_ENABLE_OBJC_ARC = YES;
				CLANG_ENABLE_OBJC_WEAK = YES;
				CLANG_WARN_BLOCK_CAPTURE_AUTORELEASING = YES;
				CLANG_WARN_BOOL_CONVERSION = YES;
				CLANG_WARN_COMMA = YES;
				CLANG_WARN_CONSTANT_CONVERSION = YES;
				CLANG_WARN_DEPRECATED_OBJC_IMPLEMENTATIONS = YES;
				CLANG_WARN_DIRECT_OBJC_ISA_USAGE = YES_ERROR;
				CLANG_WARN_DOCUMENTATION_COMMENTS = YES;
				CLANG_WARN_EMPTY_BODY = YES;
				CLANG_WARN_ENUM_CONVERSION = YES;
				CLANG_WARN_INFINITE_RECURSION = YES;
				CLANG_WARN_INT_CONVERSION = YES;
				CLANG_WARN_NON_LITERAL_NULL_CONVERSION = YES;
				CLANG_WARN_OBJC_IMPLICIT_RETAIN_SELF = YES;
				CLANG_WARN_OBJC_LITERAL_CONVERSION = YES;
				CLANG_WARN_OBJC_ROOT_CLASS = YES_ERROR;
				CLANG_WARN_QUOTED_INCLUDE_IN_FRAMEWORK_HEADER = YES;
				CLANG_WARN_RANGE_LOOP_ANALYSIS = YES;
				CLANG_WARN_STRICT_PROTOTYPES = YES;
				CLANG_WARN_SUSPICIOUS_MOVE = YES;
				CLANG_WARN_UNGUARDED_AVAILABILITY = YES_AGGRESSIVE;
				CLANG_WARN_UNREACHABLE_CODE = YES;
				CLANG_WARN__DUPLICATE_METHOD_MATCH = YES;
				CODE_SIGN_IDENTITY = "-";
				CODE_SIGN_STYLE = Automatic;
				COPY_PHASE_STRIP = NO;
				CURRENT_PROJECT_VERSION = 1;
				DEBUG_INFORMATION_FORMAT = dwarf;
				DEVELOPMENT_TEAM = "";
				ENABLE_STRICT_OBJC_MSGSEND = YES;
				ENABLE_TESTABILITY = YES;
				GCC_C_LANGUAGE_STANDARD = gnu11;
				GCC_DYNAMIC_NO_PIC = NO;
				GCC_NO_COMMON_BLOCKS = YES;
				GCC_OPTIMIZATION_LEVEL = 0;
				GCC_PREPROCESSOR_DEFINITIONS = (
					"$(inherited)",
					"DEBUG=1",
				);
				GCC_WARN_64_TO_32_BIT_CONVERSION = YES;
				GCC_WARN_ABOUT_RETURN_TYPE = YES_ERROR;
				GCC_WARN_UNDECLARED_SELECTOR = YES;
				GCC_WARN_UNINITIALIZED_AUTOS = YES_AGGRESSIVE;
				GCC_WARN_UNUSED_FUNCTION = YES;
				GCC_WARN_UNUSED_VARIABLE = YES;
				MACOSX_DEPLOYMENT_TARGET = 14.0;
				MARKETING_VERSION = 4;
				MTL_ENABLE_DEBUG_INFO = INCLUDE_SOURCE;
				MTL_FAST_MATH = YES;
				ONLY_ACTIVE_ARCH = YES;
				PRODUCT_NAME = "$(TARGET_NAME)";
				SDKROOT = macosx;
				SWIFT_ACTIVE_COMPILATION_CONDITIONS = DEBUG;
				SWIFT_OPTIMIZATION_LEVEL = "-Onone";
				SWIFT_VERSION = 5.0;
			};
			name = Debug;
		};
		FEC180540D04CA70606CBF9B /* Debug */ = {
			isa = XCBuildConfiguration;
			buildSettings = {
				ASSETCATALOG_COMPILER_APPICON_NAME = AppIcon;
				CODE_SIGN_ENTITLEMENTS = CineSched.entitlements;
				COMBINE_HIDPI_IMAGES = YES;
				ENABLE_PREVIEWS = YES;
				GENERATE_INFOPLIST_FILE = YES;
				INFOPLIST_FILE = Info.plist;
				INFOPLIST_KEY_CFBundleDisplayName = CineSched;
				INFOPLIST_KEY_LSApplicationCategoryType = "public.app-category.productivity";
				INFOPLIST_KEY_NSHumanReadableCopyright = "";
				LD_RUNPATH_SEARCH_PATHS = (
					"$(inherited)",
					"@executable_path/../Frameworks",
				);
				MACOSX_DEPLOYMENT_TARGET = 14.0;
				PRODUCT_BUNDLE_IDENTIFIER = PyroStudios.CineSched;
				PRODUCT_NAME = CineSched;
				SDKROOT = macosx;
			};
			name = Debug;
		};
/* End XCBuildConfiguration section */

/* Begin XCConfigurationList section */
		7BB01B4464E2CF05CF8C8112 /* Build configuration list for PBXNativeTarget "CineSched" */ = {
			isa = XCConfigurationList;
			buildConfigurations = (
				FEC180540D04CA70606CBF9B /* Debug */,
				90308000778CA2682F1F1BF6 /* Release */,
			);
			defaultConfigurationIsVisible = 0;
			defaultConfigurationName = Debug;
		};
		916E904CB1AE08C82F8F3C62 /* Build configuration list for PBXNativeTarget "CineSchedTests" */ = {
			isa = XCConfigurationList;
			buildConfigurations = (
				072B2C59D18281621F5015BF /* Debug */,
				2E7C39F68414642E51A91FA1 /* Release */,
			);
			defaultConfigurationIsVisible = 0;
			defaultConfigurationName = Debug;
		};
		A61CB72E2F30F58A42B7FB0C /* Build configuration list for PBXProject "CineSched" */ = {
			isa = XCConfigurationList;
			buildConfigurations = (
				9D30E3EC55F0EEC2105BDDB8 /* Debug */,
				887C2527BE28BC6D006EF953 /* Release */,
			);
			defaultConfigurationIsVisible = 0;
			defaultConfigurationName = Debug;
		};
/* End XCConfigurationList section */
	};
	rootObject = 67ADA80CACE8B603B45D54D8 /* Project object */;
}
