// !$*UTF8*$!
{
	archiveVersion = 1;
	classes = {
	};
	objectVersion = 77;
	objects = {

/* Begin PBXBuildFile section */
		01DC2A6F03670C134E2C7E43 /* PDFExporter.swift in Sources */ = {isa = PBXBuildFile; fileRef = "TEMP_738AA4A6-9306-410C-A9DC-621E92D9165B" /* PDFExporter.swift */; };
		0A38DEACD1807462D8A3B4BA /* FountainPaginatorTests.swift in Sources */ = {isa = PBXBuildFile; fileRef = 0210E9E1E402F2CC82F6DAD8 /* FountainPaginatorTests.swift */; };
		0BCE444C664567DB20CB7C44 /* Assets.xcassets in Resources */ = {isa = PBXBuildFile; fileRef = "TEMP_93F5D71D-F833-4AD9-9954-DEE6E1147DE4" /* Assets.xcassets */; };
		0FAD5ADC6AC1E5D44D4B613E /* FountainParserTests.swift in Sources */ = {isa = PBXBuildFile; fileRef = ED6A7DD04348E0C7034597E2 /* FountainParserTests.swift */; };
		1E1DB3738488607EFD9EC373 /* FountainParser.swift in Sources */ = {isa = PBXBuildFile; fileRef = "TEMP_FB02FFE7-1289-4939-837E-D13BE06567C6" /* FountainParser.swift */; };
		1E42438DE34CC01485BCDBEE /* RecentFilesStore.swift in Sources */ = {isa = PBXBuildFile; fileRef = "TEMP_31E7F3D4-7FB7-4C7D-947E-86C0AD65D282" /* RecentFilesStore.swift */; };
		224E89DB22943EB77F0B2D29 /* ContentView.swift in Sources */ = {isa = PBXBuildFile; fileRef = "TEMP_39F21AB0-EB70-41B9-9A77-06C33F43B450" /* ContentView.swift */; };
		2273E92D53DBCA6BAC5BB024 /* HoverTooltip.swift in Sources */ = {isa = PBXBuildFile; fileRef = "TEMP_993DFE6F-C70C-4C2F-9C15-255545FF9D63" /* HoverTooltip.swift */; };
		2A230C0182AA138FE2227E49 /* ImportSummaryView.swift in Sources */ = {isa = PBXBuildFile; fileRef = "TEMP_0B60E78A-3D3F-4DDF-9F42-859CB89F028A" /* ImportSummaryView.swift */; };
		50B67AE2FDD40685E8EF6DAE /* SceneEditSheet.swift in Sources */ = {isa = PBXBuildFile; fileRef = "TEMP_03EA3FEB-3171-4C27-9F09-9E514987FEBB" /* SceneEditSheet.swift */; };
		51242E97284F8996428A1AA4 /* FountainImporter.swift in Sources */ = {isa = PBXBuildFile; fileRef = "TEMP_69695BD6-0FDF-484D-900E-71333EAF7468" /* FountainImporter.swift */; };
		67310AB0CEA2204B540CAC2F /* CalendarView.swift in Sources */ = {isa = PBXBuildFile; fileRef = "TEMP_F0CE40B4-08FB-42AC-AC2D-A65A504DB826" /* CalendarView.swift */; };
		6E7DA446B5E7695E353329D7 /* CallSheetEditor.swift in Sources */ = {isa = PBXBuildFile; fileRef = "TEMP_121F4E5D-3A3B-4437-8DC5-B2FD16E88F21" /* CallSheetEditor.swift */; };
		7218A94C60B301F98B39F9CD /* Parsers.swift in Sources */ = {isa = PBXBuildFile; fileRef = "TEMP_84A75883-88F9-4791-9B10-932DB61EC8A9" /* Parsers.swift */; };
		76032790306DD9C7927504F5 /* Formatting.swift in Sources */ = {isa = PBXBuildFile; fileRef = "TEMP_40B8F227-513D-4E83-A54E-89D3DC918349" /* Formatting.swift */; };
		785A9EC04B93DF2965936DEA /* FountainPaginator.swift in Sources */ = {isa = PBXBuildFile; fileRef = "TEMP_5C4319E7-CBD7-419F-9DB8-D70E88B39EF8" /* FountainPaginator.swift */; };
		8343A5703B73F4AABFDC48EF /* FinalDraftParser.swift in Sources */ = {isa = PBXBuildFile; fileRef = "TEMP_E799EC7D-B81D-4EE2-A391-3C5CD3A26574" /* FinalDraftParser.swift */; };
		84C3B9391E47FC554E30BF73 /* DaysOutOfDaysExporter.swift in Sources */ = {isa = PBXBuildFile; fileRef = "TEMP_180DEA2E-DD0D-400C-A12E-6F0C268DA764" /* DaysOutOfDaysExporter.swift */; };
		86BB246DAAE51BFEF73525C0 /* ProjectStore.swift in Sources */ = {isa = PBXBuildFile; fileRef = "TEMP_A165F4A1-5BF5-4216-9144-DFF8BD13D3B1" /* ProjectStore.swift */; };
		8B9AFBC765C406E946AA309C /* Models.swift in Sources */ = {isa = PBXBuildFile; fileRef = "TEMP_45DE207F-7083-4B9D-A20A-971D27344E54" /* Models.swift */; };
		918BFF32357A71AD9703E23E /* ConflictScanner.swift in Sources */ = {isa = PBXBuildFile; fileRef = "TEMP_B54DA6C2-55F5-4FB5-840C-C0B66D7B35B3" /* ConflictScanner.swift */; };
		97867F61685DDA495FBA0201 /* SelectAllTextField.swift in Sources */ = {isa = PBXBuildFile; fileRef = "TEMP_A5E68BE1-BF5C-41FE-B95F-449E2833BACF" /* SelectAllTextField.swift */; };
		A17F6FABC3BBAE65436BAC47 /* ConflictReportSheet.swift in Sources */ = {isa = PBXBuildFile; fileRef = "TEMP_FCACAC78-41F5-4639-B7DF-DE91EBEB6551" /* ConflictReportSheet.swift */; };
		AB7731839C5088E050C4A935 /* HighlandArchiveReader.swift in Sources */ = {isa = PBXBuildFile; fileRef = "TEMP_584AC0D6-C779-4432-A608-2ADC4F87AE18" /* HighlandArchiveReader.swift */; };
		AEC629785B922A7499E587A1 /* NewSceneInputView.swift in Sources */ = {isa = PBXBuildFile; fileRef = "TEMP_7C10D108-5129-4103-BF8C-BB39B14B9C7A" /* NewSceneInputView.swift */; };
		C4CA725C728593DF99E319A5 /* SendToDaySheet.swift in Sources */ = {isa = PBXBuildFile; fileRef = "TEMP_BAB5869A-4073-44DA-BCB2-1E363C597B84" /* SendToDaySheet.swift */; };
		D7E708BE5B73EBBF35E7DFCC /* CallSheetExporter.swift in Sources */ = {isa = PBXBuildFile; fileRef = "TEMP_6AFE0C34-71FE-45D4-871C-77AEE7F2E2D0" /* CallSheetExporter.swift */; };
		E42EA923498242B09744A35B /* CineSchedApp.swift in Sources */ = {isa = PBXBuildFile; fileRef = "TEMP_6F97A6AF-DC07-4CEF-AE81-D742F93F2321" /* CineSchedApp.swift */; };
		F01C8FF56DA1136F010FDFD4 /* ProductionSetupSheet.swift in Sources */ = {isa = PBXBuildFile; fileRef = "TEMP_16BCA577-7BB1-4E72-906F-F4AACC7EEAD9" /* ProductionSetupSheet.swift */; };
		F9A21F3C3C02E5A62F173BAF /* StripboardView.swift in Sources */ = {isa = PBXBuildFile; fileRef = "TEMP_FE868D38-85B2-40E2-96B6-5AED89BD4AEF" /* StripboardView.swift */; };
/* End PBXBuildFile section */

/* Begin PBXContainerItemProxy section */
		1F9110F1F97AA14040719932 /* PBXContainerItemProxy */ = {
			isa = PBXContainerItemProxy;
			containerPortal = 67ADA80CACE8B603B45D54D8 /* Project object */;
			proxyType = 1;
			remoteGlobalIDString = D343CAA0ACDB4CB6EB268B4E;
			remoteInfo = CineSched;
		};
/* End PBXContainerItemProxy section */

/* Begin PBXFileReference section */
		0210E9E1E402F2CC82F6DAD8 /* FountainPaginatorTests.swift */ = {isa = PBXFileReference; lastKnownFileType = sourcecode.swift; path = FountainPaginatorTests.swift; sourceTree = "<group>"; };
		16A5CFF5763599F9FF5CD187 /* CineSchedTests.xctest */ = {isa = PBXFileReference; explicitFileType = wrapper.cfbundle; includeInIndex = 0; path = CineSchedTests.xctest; sourceTree = BUILT_PRODUCTS_DIR; };
		A33415770FEB25F2001ED0E4 /* CineSched.app */ = {isa = PBXFileReference; explicitFileType = wrapper.application; includeInIndex = 0; path = CineSched.app; sourceTree = BUILT_PRODUCTS_DIR; };
		ED6A7DD04348E0C7034597E2 /* FountainParserTests.swift */ = {isa = PBXFileReference; lastKnownFileType = sourcecode.swift; path = FountainParserTests.swift; sourceTree = "<group>"; };
		"TEMP_01A6E0EE-78B5-4B22-B9C0-D19694573B8B" /* .gitignore */ = {isa = PBXFileReference; path = .gitignore; sourceTree = "<group>"; };
		"TEMP_03EA3FEB-3171-4C27-9F09-9E514987FEBB" /* SceneEditSheet.swift */ = {isa = PBXFileReference; lastKnownFileType = sourcecode.swift; path = SceneEditSheet.swift; sourceTree = "<group>"; };
		"TEMP_07586181-94E6-465A-9A37-1F490F097828" /* CineSched.entitlements */ = {isa = PBXFileReference; lastKnownFileType = text.plist.entitlements; path = CineSched.entitlements; sourceTree = "<group>"; };
		"TEMP_0B60E78A-3D3F-4DDF-9F42-859CB89F028A" /* ImportSummaryView.swift */ = {isa = PBXFileReference; lastKnownFileType = sourcecode.swift; path = ImportSummaryView.swift; sourceTree = "<group>"; };
		"TEMP_121F4E5D-3A3B-4437-8DC5-B2FD16E88F21" /* CallSheetEditor.swift */ = {isa = PBXFileReference; lastKnownFileType = sourcecode.swift; path = CallSheetEditor.swift; sourceTree = "<group>"; };
		"TEMP_16BCA577-7BB1-4E72-906F-F4AACC7EEAD9" /* ProductionSetupSheet.swift */ = {isa = PBXFileReference; lastKnownFileType = sourcecode.swift; path = ProductionSetupSheet.swift; sourceTree = "<group>"; };
		"TEMP_180DEA2E-DD0D-400C-A12E-6F0C268DA764" /* DaysOutOfDaysExporter.swift */ = {isa = PBXFileReference; lastKnownFileType = sourcecode.swift; path = DaysOutOfDaysExporter.swift; sourceTree = "<group>"; };
		"TEMP_31E7F3D4-7FB7-4C7D-947E-86C0AD65D282" /* RecentFilesStore.swift */ = {isa = PBXFileReference; lastKnownFileType = sourcecode.swift; path = RecentFilesStore.swift; sourceTree = "<group>"; };
		"TEMP_39F21AB0-EB70-41B9-9A77-06C33F43B450" /* ContentView.swift */ = {isa = PBXFileReference; lastKnownFileType = sourcecode.swift; path = ContentView.swift; sourceTree = "<group>"; };
		"TEMP_40B8F227-513D-4E83-A54E-89D3DC918349" /* Formatting.swift */ = {isa = PBXFileReference; lastKnownFileType = sourcecode.swift; path = Formatting.swift; sourceTree = "<group>"; };
		"TEMP_45DE207F-7083-4B9D-A20A-971D27344E54" /* Models.swift */ = {isa = PBXFileReference; lastKnownFileType = sourcecode.swift; path = Models.swift; sourceTree = "<group>"; };
		"TEMP_584AC0D6-C779-4432-A608-2ADC4F87AE18" /* HighlandArchiveReader.swift */ = {isa = PBXFileReference; lastKnownFileType = sourcecode.swift; path = HighlandArchiveReader.swift; sourceTree = "<group>"; };
		"TEMP_5C4319E7-CBD7-419F-9DB8-D70E88B39EF8" /* FountainPaginator.swift */ = {isa = PBXFileReference; lastKnownFileType = sourcecode.swift; path = FountainPaginator.swift; sourceTree = "<group>"; };
		"TEMP_69695BD6-0FDF-484D-900E-71333EAF7468" /* FountainImporter.swift */ = {isa = PBXFileReference; lastKnownFileType = sourcecode.swift; path = FountainImporter.swift; sourceTree = "<group>"; };
		"TEMP_6990D723-222F-4AC2-AE74-A7025A198AC3" /* Info.plist */ = {isa = PBXFileReference; lastKnownFileType = text.plist; path = Info.plist; sourceTree = "<group>"; };
		"TEMP_6AFE0C34-71FE-45D4-871C-77AEE7F2E2D0" /* CallSheetExporter.swift */ = {isa = PBXFileReference; lastKnownFileType = sourcecode.swift; path = CallSheetExporter.swift; sourceTree = "<group>"; };
		"TEMP_6F97A6AF-DC07-4CEF-AE81-D742F93F2321" /* CineSchedApp.swift */ = {isa = PBXFileReference; lastKnownFileType = sourcecode.swift; path = CineSchedApp.swift; sourceTree = "<group>"; };
		"TEMP_738AA4A6-9306-410C-A9DC-621E92D9165B" /* PDFExporter.swift */ = {isa = PBXFileReference; lastKnownFileType = sourcecode.swift; path = PDFExporter.swift; sourceTree = "<group>"; };
		"TEMP_7C10D108-5129-4103-BF8C-BB39B14B9C7A" /* NewSceneInputView.swift */ = {isa = PBXFileReference; lastKnownFileType = sourcecode.swift; path = NewSceneInputView.swift; sourceTree = "<group>"; };
		"TEMP_84A75883-88F9-4791-9B10-932DB61EC8A9" /* Parsers.swift */ = {isa = PBXFileReference; lastKnownFileType = sourcecode.swift; path = Parsers.swift; sourceTree = "<group>"; };
		"TEMP_93F5D71D-F833-4AD9-9954-DEE6E1147DE4" /* Assets.xcassets */ = {isa = PBXFileReference; lastKnownFileType = folder.assetcatalog; path = Assets.xcassets; sourceTree = "<group>"; };
		"TEMP_993DFE6F-C70C-4C2F-9C15-255545FF9D63" /* HoverTooltip.swift */ = {isa = PBXFileReference; lastKnownFileType = sourcecode.swift; path = HoverTooltip.swift; sourceTree = "<group>"; };
		"TEMP_A165F4A1-5BF5-4216-9144-DFF8BD13D3B1" /* ProjectStore.swift */ = {isa = PBXFileReference; lastKnownFileType = sourcecode.swift; path = ProjectStore.swift; sourceTree = "<group>"; };
		"TEMP_A5E68BE1-BF5C-41FE-B95F-449E2833BACF" /* SelectAllTextField.swift */ = {isa = PBXFileReference; lastKnownFileType = sourcecode.swift; path = SelectAllTextField.swift; sourceTree = "<group>"; };
		"TEMP_B54DA6C2-55F5-4FB5-840C-C0B66D7B35B3" /* ConflictScanner.swift */ = {isa = PBXFileReference; lastKnownFileType = sourcecode.swift; path = ConflictScanner.swift; sourceTree = "<group>"; };
		"TEMP_BAB5869A-4073-44DA-BCB2-1E363C597B84" /* SendToDaySheet.swift */ = {isa = PBXFileReference; lastKnownFileType = sourcecode.swift; path = SendToDaySheet.swift; sourceTree = "<group>"; };
		"TEMP_E799EC7D-B81D-4EE2-A391-3C5CD3A26574" /* FinalDraftParser.swift */ = {isa = PBXFileReference; lastKnownFileType = sourcecode.swift; path = FinalDraftParser.swift; sourceTree = "<group>"; };
		"TEMP_F0CE40B4-08FB-42AC-AC2D-A65A504DB826" /* CalendarView.swift */ = {isa = PBXFileReference; lastKnownFileType = sourcecode.swift; path = CalendarView.swift; sourceTree = "<group>"; };
		"TEMP_FB02FFE7-1289-4939-837E-D13BE06567C6" /* FountainParser.swift */ = {isa = PBXFileReference; lastKnownFileType = sourcecode.swift; path = FountainParser.swift; sourceTree = "<group>"; };
		"TEMP_FCACAC78-41F5-4639-B7DF-DE91EBEB6551" /* ConflictReportSheet.swift */ = {isa = PBXFileReference; lastKnownFileType = sourcecode.swift; path = ConflictReportSheet.swift; sourceTree = "<group>"; };
		"TEMP_FE868D38-85B2-40E2-96B6-5AED89BD4AEF" /* StripboardView.swift */ = {isa = PBXFileReference; lastKnownFileType = sourcecode.swift; path = StripboardView.swift; sourceTree = "<group>"; };
/* End PBXFileReference section */

/* Begin PBXGroup section */
		2581F94A8082CEBDF3E82AE1 /* Tests */ = {
			isa = PBXGroup;
			children = (
				0210E9E1E402F2CC82F6DAD8 /* FountainPaginatorTests.swift */,
				ED6A7DD04348E0C7034597E2 /* FountainParserTests.swift */,
			);
			path = Tests;
			sourceTree = "<group>";
		};
		CC3FE736529F7DBDB5FB6005 /* Products */ = {
			isa = PBXGroup;
			children = (
				A33415770FEB25F2001ED0E4 /* CineSched.app */,
				16A5CFF5763599F9FF5CD187 /* CineSchedTests.xctest */,
			);
			name = Products;
			sourceTree = "<group>";
		};
		E0993B5EC4446C03E0313AB1 = {
			isa = PBXGroup;
			children = (
				2581F94A8082CEBDF3E82AE1 /* Tests */,
				CC3FE736529F7DBDB5FB6005 /* Products */,
			);
			sourceTree = "<group>";
		};
		"TEMP_7F7219BA-82AA-4696-9575-92411CAB0A4D" /* . */ = {
			isa = PBXGroup;
			children = (
				"TEMP_03EA3FEB-3171-4C27-9F09-9E514987FEBB" /* SceneEditSheet.swift */,
				"TEMP_31E7F3D4-7FB7-4C7D-947E-86C0AD65D282" /* RecentFilesStore.swift */,
				"TEMP_180DEA2E-DD0D-400C-A12E-6F0C268DA764" /* DaysOutOfDaysExporter.swift */,
				"TEMP_6F97A6AF-DC07-4CEF-AE81-D742F93F2321" /* CineSchedApp.swift */,
				"TEMP_7C10D108-5129-4103-BF8C-BB39B14B9C7A" /* NewSceneInputView.swift */,
				"TEMP_93F5D71D-F833-4AD9-9954-DEE6E1147DE4" /* Assets.xcassets */,
				"TEMP_121F4E5D-3A3B-4437-8DC5-B2FD16E88F21" /* CallSheetEditor.swift */,
				"TEMP_0B60E78A-3D3F-4DDF-9F42-859CB89F028A" /* ImportSummaryView.swift */,
				"TEMP_6AFE0C34-71FE-45D4-871C-77AEE7F2E2D0" /* CallSheetExporter.swift */,
				"TEMP_E799EC7D-B81D-4EE2-A391-3C5CD3A26574" /* FinalDraftParser.swift */,
				"TEMP_FB02FFE7-1289-4939-837E-D13BE06567C6" /* FountainParser.swift */,
				"TEMP_738AA4A6-9306-410C-A9DC-621E92D9165B" /* PDFExporter.swift */,
				"TEMP_993DFE6F-C70C-4C2F-9C15-255545FF9D63" /* HoverTooltip.swift */,
				"TEMP_A165F4A1-5BF5-4216-9144-DFF8BD13D3B1" /* ProjectStore.swift */,
				"TEMP_01A6E0EE-78B5-4B22-B9C0-D19694573B8B" /* .gitignore */,
				"TEMP_45DE207F-7083-4B9D-A20A-971D27344E54" /* Models.swift */,
				"TEMP_B54DA6C2-55F5-4FB5-840C-C0B66D7B35B3" /* ConflictScanner.swift */,
				"TEMP_84A75883-88F9-4791-9B10-932DB61EC8A9" /* Parsers.swift */,
				"TEMP_FCACAC78-41F5-4639-B7DF-DE91EBEB6551" /* ConflictReportSheet.swift */,
				"TEMP_5C4319E7-CBD7-419F-9DB8-D70E88B39EF8" /* FountainPaginator.swift */,
				"TEMP_584AC0D6-C779-4432-A608-2ADC4F87AE18" /* HighlandArchiveReader.swift */,
				"TEMP_07586181-94E6-465A-9A37-1F490F097828" /* CineSched.entitlements */,
				"TEMP_69695BD6-0FDF-484D-900E-71333EAF7468" /* FountainImporter.swift */,
				"TEMP_40B8F227-513D-4E83-A54E-89D3DC918349" /* Formatting.swift */,
				"TEMP_BAB5869A-4073-44DA-BCB2-1E363C597B84" /* SendToDaySheet.swift */,
				"TEMP_FE868D38-85B2-40E2-96B6-5AED89BD4AEF" /* StripboardView.swift */,
				"TEMP_39F21AB0-EB70-41B9-9A77-06C33F43B450" /* ContentView.swift */,
				"TEMP_16BCA577-7BB1-4E72-906F-F4AACC7EEAD9" /* ProductionSetupSheet.swift */,
				"TEMP_6990D723-222F-4AC2-AE74-A7025A198AC3" /* Info.plist */,
				"TEMP_F0CE40B4-08FB-42AC-AC2D-A65A504DB826" /* CalendarView.swift */,
				"TEMP_A5E68BE1-BF5C-41FE-B95F-449E2833BACF" /* SelectAllTextField.swift */,
			);
			name = .;
			path = .;
			sourceTree = "<group>";
		};
/* End PBXGroup section */

/* Begin PBXNativeTarget section */
		6CC24D0E85DFB8B7C2D3B253 /* CineSchedTests */ = {
			isa = PBXNativeTarget;
			buildConfigurationList = 916E904CB1AE08C82F8F3C62 /* Build configuration list for PBXNativeTarget "CineSchedTests" */;
			buildPhases = (
				D48BD96D491E37015FC8ADE4 /* Sources */,
			);
			buildRules = (
			);
			dependencies = (
				02CC560957880DA960A2220E /* PBXTargetDependency */,
			);
			name = CineSchedTests;
			packageProductDependencies = (
			);
			productName = CineSchedTests;
			productReference = 16A5CFF5763599F9FF5CD187 /* CineSchedTests.xctest */;
			productType = "com.apple.product-type.bundle.unit-test";
		};
		D343CAA0ACDB4CB6EB268B4E /* CineSched */ = {
			isa = PBXNativeTarget;
			buildConfigurationList = 7BB01B4464E2CF05CF8C8112 /* Build configuration list for PBXNativeTarget "CineSched" */;
			buildPhases = (
				03EC665B321132B47AA0A436 /* Sources */,
				0DC17208E2E0FAC268C1FF2D /* Resources */,
			);
			buildRules = (
			);
			dependencies = (
			);
			name = CineSched;
			packageProductDependencies = (
			);
			productName = CineSched;
			productReference = A33415770FEB25F2001ED0E4 /* CineSched.app */;
			productType = "com.apple.product-type.application";
		};
/* End PBXNativeTarget section */

/* Begin PBXProject section */
		67ADA80CACE8B603B45D54D8 /* Project object */ = {
			isa = PBXProject;
			attributes = {
				BuildIndependentTargetsInParallel = YES;
				LastUpgradeCheck = 1430;
				TargetAttributes = {
					6CC24D0E85DFB8B7C2D3B253 = {
						DevelopmentTeam = "";
						ProvisioningStyle = Automatic;
					};
					D343CAA0ACDB4CB6EB268B4E = {
						DevelopmentTeam = "";
						ProvisioningStyle = Automatic;
					};
				};
			};
			buildConfigurationList = A61CB72E2F30F58A42B7FB0C /* Build configuration list for PBXProject "CineSched" */;
			developmentRegion = en;
			hasScannedForEncodings = 0;
			knownRegions = (
				Base,
				en,
			);
			mainGroup = E0993B5EC4446C03E0313AB1;
			minimizedProjectReferenceProxies = 1;
			preferredProjectObjectVersion = 77;
			productRefGroup = CC3FE736529F7DBDB5FB6005 /* Products */;
			projectDirPath = "";
			projectRoot = "";
			targets = (
				D343CAA0ACDB4CB6EB268B4E /* CineSched */,
				6CC24D0E85DFB8B7C2D3B253 /* CineSchedTests */,
			);
		};
/* End PBXProject section */

/* Begin PBXResourcesBuildPhase section */
		0DC17208E2E0FAC268C1FF2D /* Resources */ = {
			isa = PBXResourcesBuildPhase;
			buildActionMask = 2147483647;
			files = (
				0BCE444C664567DB20CB7C44 /* Assets.xcassets in Resources */,
			);
			runOnlyForDeploymentPostprocessing = 0;
		};
/* End PBXResourcesBuildPhase section */

/* Begin PBXSourcesBuildPhase section */
		03EC665B321132B47AA0A436 /* Sources */ = {
			isa = PBXSourcesBuildPhase;
			buildActionMask = 2147483647;
			files = (
				67310AB0CEA2204B540CAC2F /* CalendarView.swift in Sources */,
				6E7DA446B5E7695E353329D7 /* CallSheetEditor.swift in Sources */,
				D7E708BE5B73EBBF35E7DFCC /* CallSheetExporter.swift in Sources */,
				E42EA923498242B09744A35B /* CineSchedApp.swift in Sources */,
				A17F6FABC3BBAE65436BAC47 /* ConflictReportSheet.swift in Sources */,
				918BFF32357A71AD9703E23E /* ConflictScanner.swift in Sources */,
				224E89DB22943EB77F0B2D29 /* ContentView.swift in Sources */,
				84C3B9391E47FC554E30BF73 /* DaysOutOfDaysExporter.swift in Sources */,
				8343A5703B73F4AABFDC48EF /* FinalDraftParser.swift in Sources */,
				76032790306DD9C7927504F5 /* Formatting.swift in Sources */,
				51242E97284F8996428A1AA4 /* FountainImporter.swift in Sources */,
				785A9EC04B93DF2965936DEA /* FountainPaginator.swift in Sources */,
				1E1DB3738488607EFD9EC373 /* FountainParser.swift in Sources */,
				AB7731839C5088E050C4A935 /* HighlandArchiveReader.swift in Sources */,
				2273E92D53DBCA6BAC5BB024 /* HoverTooltip.swift in Sources */,
				2A230C0182AA138FE2227E49 /* ImportSummaryView.swift in Sources */,
				8B9AFBC765C406E946AA309C /* Models.swift in Sources */,
				AEC629785B922A7499E587A1 /* NewSceneInputView.swift in Sources */,
				01DC2A6F03670C134E2C7E43 /* PDFExporter.swift in Sources */,
				7218A94C60B301F98B39F9CD /* Parsers.swift in Sources */,
				F01C8FF56DA1136F010FDFD4 /* ProductionSetupSheet.swift in Sources */,
				86BB246DAAE51BFEF73525C0 /* ProjectStore.swift in Sources */,
				1E42438DE34CC01485BCDBEE /* RecentFilesStore.swift in Sources */,
				50B67AE2FDD40685E8EF6DAE /* SceneEditSheet.swift in Sources */,
				97867F61685DDA495FBA0201 /* SelectAllTextField.swift in Sources */,
				C4CA725C728593DF99E319A5 /* SendToDaySheet.swift in Sources */,
				F9A21F3C3C02E5A62F173BAF /* StripboardView.swift in Sources */,
			);
			runOnlyForDeploymentPostprocessing = 0;
		};
		D48BD96D491E37015FC8ADE4 /* Sources */ = {
			isa = PBXSourcesBuildPhase;
			buildActionMask = 2147483647;
			files = (
				0A38DEACD1807462D8A3B4BA /* FountainPaginatorTests.swift in Sources */,
				0FAD5ADC6AC1E5D44D4B613E /* FountainParserTests.swift in Sources */,
			);
			runOnlyForDeploymentPostprocessing = 0;
		};
/* End PBXSourcesBuildPhase section */

/* Begin PBXTargetDependency section */
		02CC560957880DA960A2220E /* PBXTargetDependency */ = {
			isa = PBXTargetDependency;
			target = D343CAA0ACDB4CB6EB268B4E /* CineSched */;
			targetProxy = 1F9110F1F97AA14040719932 /* PBXContainerItemProxy */;
		};
/* End PBXTargetDependency section */

/* Begin XCBuildConfiguration section */
		072B2C59D18281621F5015BF /* Debug */ = {
			isa = XCBuildConfiguration;
			buildSettings = {
				BUNDLE_LOADER = "$(TEST_HOST)";
				COMBINE_HIDPI_IMAGES = YES;
				GENERATE_INFOPLIST_FILE = YES;
				LD_RUNPATH_SEARCH_PATHS = (
					"$(inherited)",
					"@executable_path/../Frameworks",
					"@loader_path/../Frameworks",
				);
				MACOSX_DEPLOYMENT_TARGET = 14.0;
				PRODUCT_BUNDLE_IDENTIFIER = PyroStudios.CineSchedTests;
				SDKROOT = macosx;
				TEST_HOST = "$(BUILT_PRODUCTS_DIR)/CineSched.app/Contents/MacOS/CineSched";
			};
			name = Debug;
		};
		2E7C39F68414642E51A91FA1 /* Release */ = {
			isa = XCBuildConfiguration;
			buildSettings = {
				BUNDLE_LOADER = "$(TEST_HOST)";
				COMBINE_HIDPI_IMAGES = YES;
				GENERATE_INFOPLIST_FILE = YES;
				LD_RUNPATH_SEARCH_PATHS = (
					"$(inherited)",
					"@executable_path/../Frameworks",
					"@loader_path/../Frameworks",
				);
				MACOSX_DEPLOYMENT_TARGET = 14.0;
				PRODUCT_BUNDLE_IDENTIFIER = PyroStudios.CineSchedTests;
				SDKROOT = macosx;
				TEST_HOST = "$(BUILT_PRODUCTS_DIR)/CineSched.app/Contents/MacOS/CineSched";
			};
			name = Release;
		};
		887C2527BE28BC6D006EF953 /* Release */ = {
			isa = XCBuildConfiguration;
			buildSettings = {
				ALWAYS_SEARCH_USER_PATHS = NO;
				CLANG_ANALYZER_NONNULL = YES;
				CLANG_ANALYZER_NUMBER_OBJECT_CONVERSION = YES_AGGRESSIVE;
				CLANG_CXX_LANGUAGE_STANDARD = "gnu++14";
				CLANG_CXX_LIBRARY = "libc++";
				CLANG_ENABLE_MODULES = YES;
				CLANG_ENABLE_OBJC_ARC = YES;
				CLANG_ENABLE_OBJC_WEAK = YES;
				CLANG_WARN_BLOCK_CAPTURE_AUTORELEASING = YES;
				CLANG_WARN_BOOL_CONVERSION = YES;
				CLANG_WARN_COMMA = YES;
				CLANG_WARN_CONSTANT_CONVERSION = YES;
				CLANG_WARN_DEPRECATED_OBJC_IMPLEMENTATIONS = YES;
				CLANG_WARN_DIRECT_OBJC_ISA_USAGE = YES_ERROR;
				CLANG_WARN_DOCUMENTATION_COMMENTS = YES;
				CLANG_WARN_EMPTY_BODY = YES;
				CLANG_WARN_ENUM_CONVERSION = YES;
				CLANG_WARN_INFINITE_RECURSION = YES;
				CLANG_WARN_INT_CONVERSION = YES;
				CLANG_WARN_NON_LITERAL_NULL_CONVERSION = YES;
				CLANG_WARN_OBJC_IMPLICIT_RETAIN_SELF = YES;
				CLANG_WARN_OBJC_LITERAL_CONVERSION = YES;
				CLANG_WARN_OBJC_ROOT_CLASS = YES_ERROR;
				CLANG_WARN_QUOTED_INCLUDE_IN_FRAMEWORK_HEADER = YES;
				CLANG_WARN_RANGE_LOOP_ANALYSIS = YES;
				CLANG_WARN_STRICT_PROTOTYPES = YES;
				CLANG_WARN_SUSPICIOUS_MOVE = YES;
				CLANG_WARN_UNGUARDED_AVAILABILITY = YES_AGGRESSIVE;
				CLANG_WARN_UNREACHABLE_CODE = YES;
				CLANG_WARN__DUPLICATE_METHOD_MATCH = YES;
				CODE_SIGN_IDENTITY = "-";
				CODE_SIGN_STYLE = Automatic;
				COPY_PHASE_STRIP = NO;
				CURRENT_PROJECT_VERSION = 1;
				DEBUG_INFORMATION_FORMAT = "dwarf-with-dsym";
				DEVELOPMENT_TEAM = "";
				ENABLE_NS_ASSERTIONS = NO;
				ENABLE_STRICT_OBJC_MSGSEND = YES;
				GCC_C_LANGUAGE_STANDARD = gnu11;
				GCC_NO_COMMON_BLOCKS = YES;
				GCC_WARN_64_TO_32_BIT_CONVERSION = YES;
				GCC_WARN_ABOUT_RETURN_TYPE = YES_ERROR;
				GCC_WARN_UNDECLARED_SELECTOR = YES;
				GCC_WARN_UNINITIALIZED_AUTOS = YES_AGGRESSIVE;
				GCC_WARN_UNUSED_FUNCTION = YES;
				GCC_WARN_UNUSED_VARIABLE = YES;
				MACOSX_DEPLOYMENT_TARGET = 14.0;
				MARKETING_VERSION = 4;
				MTL_ENABLE_DEBUG_INFO = NO;
				MTL_FAST_MATH = YES;
				PRODUCT_NAME = "$(TARGET_NAME)";
				SDKROOT = macosx;
				SWIFT_COMPILATION_MODE = wholemodule;
				SWIFT_OPTIMIZATION_LEVEL = "-O";
				SWIFT_VERSION = 5.0;
			};
			name = Release;
		};
		90308000778CA2682F1F1BF6 /* Release */ = {
			isa = XCBuildConfiguration;
			buildSettings = {
				ASSETCATALOG_COMPILER_APPICON_NAME = AppIcon;
				CODE_SIGN_ENTITLEMENTS = CineSched.entitlements;
				COMBINE_HIDPI_IMAGES = YES;
				ENABLE_PREVIEWS = YES;
				GENERATE_INFOPLIST_FILE = YES;
				INFOPLIST_FILE = Info.plist;
				INFOPLIST_KEY_CFBundleDisplayName = CineSched;
				INFOPLIST_KEY_LSApplicationCategoryType = "public.app-category.productivity";
				INFOPLIST_KEY_NSHumanReadableCopyright = "";
				LD_RUNPATH_SEARCH_PATHS = (
					"$(inherited)",
					"@executable_path/../Frameworks",
				);
				MACOSX_DEPLOYMENT_TARGET = 14.0;
				PRODUCT_BUNDLE_IDENTIFIER = PyroStudios.CineSched;
				PRODUCT_NAME = CineSched;
				SDKROOT = macosx;
			};
			name = Release;
		};
		9D30E3EC55F0EEC2105BDDB8 /* Debug */ = {
			isa = XCBuildConfiguration;
			buildSettings = {
				ALWAYS_SEARCH_USER_PATHS = NO;
				CLANG_ANALYZER_NONNULL = YES;
				CLANG_ANALYZER_NUMBER_OBJECT_CONVERSION = YES_AGGRESSIVE;
				CLANG_CXX_LANGUAGE_STANDARD = "gnu++14";
				CLANG_CXX_LIBRARY = "libc++";
				CLANG_ENABLE_MODULES = YES;
				CLANG_ENABLE_OBJC_ARC = YES;
				CLANG_ENABLE_OBJC_WEAK = YES;
				CLANG_WARN_BLOCK_CAPTURE_AUTORELEASING = YES;
				CLANG_WARN_BOOL_CONVERSION = YES;
				CLANG_WARN_COMMA = YES;
				CLANG_WARN_CONSTANT_CONVERSION = YES;
				CLANG_WARN_DEPRECATED_OBJC_IMPLEMENTATIONS = YES;
				CLANG_WARN_DIRECT_OBJC_ISA_USAGE = YES_ERROR;
				CLANG_WARN_DOCUMENTATION_COMMENTS = YES;
				CLANG_WARN_EMPTY_BODY = YES;
				CLANG_WARN_ENUM_CONVERSION = YES;
				CLANG_WARN_INFINITE_RECURSION = YES;
				CLANG_WARN_INT_CONVERSION = YES;
				CLANG_WARN_NON_LITERAL_NULL_CONVERSION = YES;
				CLANG_WARN_OBJC_IMPLICIT_RETAIN_SELF = YES;
				CLANG_WARN_OBJC_LITERAL_CONVERSION = YES;
				CLANG_WARN_OBJC_ROOT_CLASS = YES_ERROR;
				CLANG_WARN_QUOTED_INCLUDE_IN_FRAMEWORK_HEADER = YES;
				CLANG_WARN_RANGE_LOOP_ANALYSIS = YES;
				CLANG_WARN_STRICT_PROTOTYPES = YES;
				CLANG_WARN_SUSPICIOUS_MOVE = YES;
				CLANG_WARN_UNGUARDED_AVAILABILITY = YES_AGGRESSIVE;
				CLANG_WARN_UNREACHABLE_CODE = YES;
				CLANG_WARN__DUPLICATE_METHOD_MATCH = YES;
				CODE_SIGN_IDENTITY = "-";
				CODE_SIGN_STYLE = Automatic;
				COPY_PHASE_STRIP = NO;
				CURRENT_PROJECT_VERSION = 1;
				DEBUG_INFORMATION_FORMAT = dwarf;
				DEVELOPMENT_TEAM = "";
				ENABLE_STRICT_OBJC_MSGSEND = YES;
				ENABLE_TESTABILITY = YES;
				GCC_C_LANGUAGE_STANDARD = gnu11;
				GCC_DYNAMIC_NO_PIC = NO;
				GCC_NO_COMMON_BLOCKS = YES;
				GCC_OPTIMIZATION_LEVEL = 0;
				GCC_PREPROCESSOR_DEFINITIONS = (
					"$(inherited)",
					"DEBUG=1",
				);
				GCC_WARN_64_TO_32_BIT_CONVERSION = YES;
				GCC_WARN_ABOUT_RETURN_TYPE = YES_ERROR;
				GCC_WARN_UNDECLARED_SELECTOR = YES;
				GCC_WARN_UNINITIALIZED_AUTOS = YES_AGGRESSIVE;
				GCC_WARN_UNUSED_FUNCTION = YES;
				GCC_WARN_UNUSED_VARIABLE = YES;
				MACOSX_DEPLOYMENT_TARGET = 14.0;
				MARKETING_VERSION = 4;
				MTL_ENABLE_DEBUG_INFO = INCLUDE_SOURCE;
				MTL_FAST_MATH = YES;
				ONLY_ACTIVE_ARCH = YES;
				PRODUCT_NAME = "$(TARGET_NAME)";
				SDKROOT = macosx;
				SWIFT_ACTIVE_COMPILATION_CONDITIONS = DEBUG;
				SWIFT_OPTIMIZATION_LEVEL = "-Onone";
				SWIFT_VERSION = 5.0;
			};
			name = Debug;
		};
		FEC180540D04CA70606CBF9B /* Debug */ = {
			isa = XCBuildConfiguration;
			buildSettings = {
				ASSETCATALOG_COMPILER_APPICON_NAME = AppIcon;
				CODE_SIGN_ENTITLEMENTS = CineSched.entitlements;
				COMBINE_HIDPI_IMAGES = YES;
				ENABLE_PREVIEWS = YES;
				GENERATE_INFOPLIST_FILE = YES;
				INFOPLIST_FILE = Info.plist;
				INFOPLIST_KEY_CFBundleDisplayName = CineSched;
				INFOPLIST_KEY_LSApplicationCategoryType = "public.app-category.productivity";
				INFOPLIST_KEY_NSHumanReadableCopyright = "";
				LD_RUNPATH_SEARCH_PATHS = (
					"$(inherited)",
					"@executable_path/../Frameworks",
				);
				MACOSX_DEPLOYMENT_TARGET = 14.0;
				PRODUCT_BUNDLE_IDENTIFIER = PyroStudios.CineSched;
				PRODUCT_NAME = CineSched;
				SDKROOT = macosx;
			};
			name = Debug;
		};
/* End XCBuildConfiguration section */

/* Begin XCConfigurationList section */
		7BB01B4464E2CF05CF8C8112 /* Build configuration list for PBXNativeTarget "CineSched" */ = {
			isa = XCConfigurationList;
			buildConfigurations = (
				FEC180540D04CA70606CBF9B /* Debug */,
				90308000778CA2682F1F1BF6 /* Release */,
			);
			defaultConfigurationIsVisible = 0;
			defaultConfigurationName = Debug;
		};
		916E904CB1AE08C82F8F3C62 /* Build configuration list for PBXNativeTarget "CineSchedTests" */ = {
			isa = XCConfigurationList;
			buildConfigurations = (
				072B2C59D18281621F5015BF /* Debug */,
				2E7C39F68414642E51A91FA1 /* Release */,
			);
			defaultConfigurationIsVisible = 0;
			defaultConfigurationName = Debug;
		};
		A61CB72E2F30F58A42B7FB0C /* Build configuration list for PBXProject "CineSched" */ = {
			isa = XCConfigurationList;
			buildConfigurations = (
				9D30E3EC55F0EEC2105BDDB8 /* Debug */,
				887C2527BE28BC6D006EF953 /* Release */,
			);
			defaultConfigurationIsVisible = 0;
			defaultConfigurationName = Debug;
		};
/* End XCConfigurationList section */
	};
	rootObject = 67ADA80CACE8B603B45D54D8 /* Project object */;
}
